// !$*UTF8*$!
{
	archiveVersion = 1;
	classes = {
	};
	objectVersion = 50;
	objects = {

/* Begin PBXBuildFile section */
		9C14AE2F216B57AF00C18E8E /* AppDelegate.swift in Sources */ = {isa = PBXBuildFile; fileRef = 9C14AE2E216B57AF00C18E8E /* AppDelegate.swift */; };
		9C14AE31216B57AF00C18E8E /* ViewController.swift in Sources */ = {isa = PBXBuildFile; fileRef = 9C14AE30216B57AF00C18E8E /* ViewController.swift */; };
		9C14AE34216B57AF00C18E8E /* Main.storyboard in Resources */ = {isa = PBXBuildFile; fileRef = 9C14AE32216B57AF00C18E8E /* Main.storyboard */; };
		9C14AE36216B57B100C18E8E /* Assets.xcassets in Resources */ = {isa = PBXBuildFile; fileRef = 9C14AE35216B57B100C18E8E /* Assets.xcassets */; };
		9C14AE39216B57B100C18E8E /* LaunchScreen.storyboard in Resources */ = {isa = PBXBuildFile; fileRef = 9C14AE37216B57B100C18E8E /* LaunchScreen.storyboard */; };
		9C87AC87217699A800DCF895 /* brosurDetails.swift in Sources */ = {isa = PBXBuildFile; fileRef = 9C87AC86217699A800DCF895 /* brosurDetails.swift */; };
		9C87AC8921769FA300DCF895 /* detailsCell.swift in Sources */ = {isa = PBXBuildFile; fileRef = 9C87AC8821769FA300DCF895 /* detailsCell.swift */; };
		9C8EA847216F89CC00C9E9F4 /* detailsViewController.swift in Sources */ = {isa = PBXBuildFile; fileRef = 9C8EA846216F89CC00C9E9F4 /* detailsViewController.swift */; };
		9C90CEA8216F6517000960A5 /* launcscreen.png in Resources */ = {isa = PBXBuildFile; fileRef = 9C90CEA7216F6517000960A5 /* launcscreen.png */; };
		9CCEE8CE216E39A200D09E87 /* mainCell.swift in Sources */ = {isa = PBXBuildFile; fileRef = 9CCEE8CD216E39A200D09E87 /* mainCell.swift */; };
		BED42983BC6A1C8762DB2124 /* Pods_Aktuel.framework in Frameworks */ = {isa = PBXBuildFile; fileRef = 2F6BBB0107EF1F23F0A013AB /* Pods_Aktuel.framework */; };
/* End PBXBuildFile section */

/* Begin PBXFileReference section */
		2F6BBB0107EF1F23F0A013AB /* Pods_Aktuel.framework */ = {isa = PBXFileReference; explicitFileType = wrapper.framework; includeInIndex = 0; path = Pods_Aktuel.framework; sourceTree = BUILT_PRODUCTS_DIR; };
		7EDAF440C84A481C1D5D2FA6 /* Pods-Aktuel.debug.xcconfig */ = {isa = PBXFileReference; includeInIndex = 1; lastKnownFileType = text.xcconfig; name = "Pods-Aktuel.debug.xcconfig"; path = "Pods/Target Support Files/Pods-Aktuel/Pods-Aktuel.debug.xcconfig"; sourceTree = "<group>"; };
		9C14AE2B216B57AF00C18E8E /* Aktuel.app */ = {isa = PBXFileReference; explicitFileType = wrapper.application; includeInIndex = 0; path = Aktuel.app; sourceTree = BUILT_PRODUCTS_DIR; };
		9C14AE2E216B57AF00C18E8E /* AppDelegate.swift */ = {isa = PBXFileReference; lastKnownFileType = sourcecode.swift; path = AppDelegate.swift; sourceTree = "<group>"; };
		9C14AE30216B57AF00C18E8E /* ViewController.swift */ = {isa = PBXFileReference; lastKnownFileType = sourcecode.swift; path = ViewController.swift; sourceTree = "<group>"; };
		9C14AE33216B57AF00C18E8E /* Base */ = {isa = PBXFileReference; lastKnownFileType = file.storyboard; name = Base; path = Base.lproj/Main.storyboard; sourceTree = "<group>"; };
		9C14AE35216B57B100C18E8E /* Assets.xcassets */ = {isa = PBXFileReference; lastKnownFileType = folder.assetcatalog; path = Assets.xcassets; sourceTree = "<group>"; };
		9C14AE38216B57B100C18E8E /* Base */ = {isa = PBXFileReference; lastKnownFileType = file.storyboard; name = Base; path = Base.lproj/LaunchScreen.storyboard; sourceTree = "<group>"; };
		9C14AE3A216B57B100C18E8E /* Info.plist */ = {isa = PBXFileReference; lastKnownFileType = text.plist.xml; path = Info.plist; sourceTree = "<group>"; };
		9C87AC86217699A800DCF895 /* brosurDetails.swift */ = {isa = PBXFileReference; lastKnownFileType = sourcecode.swift; path = brosurDetails.swift; sourceTree = "<group>"; };
		9C87AC8821769FA300DCF895 /* detailsCell.swift */ = {isa = PBXFileReference; lastKnownFileType = sourcecode.swift; path = detailsCell.swift; sourceTree = "<group>"; };
		9C8EA846216F89CC00C9E9F4 /* detailsViewController.swift */ = {isa = PBXFileReference; lastKnownFileType = sourcecode.swift; path = detailsViewController.swift; sourceTree = "<group>"; };
		9C90CEA7216F6517000960A5 /* launcscreen.png */ = {isa = PBXFileReference; lastKnownFileType = image.png; path = launcscreen.png; sourceTree = "<group>"; };
		9CCEE8CD216E39A200D09E87 /* mainCell.swift */ = {isa = PBXFileReference; lastKnownFileType = sourcecode.swift; path = mainCell.swift; sourceTree = "<group>"; };
		BE664538417F116E535AC7C3 /* Pods-Aktuel.release.xcconfig */ = {isa = PBXFileReference; includeInIndex = 1; lastKnownFileType = text.xcconfig; name = "Pods-Aktuel.release.xcconfig"; path = "Pods/Target Support Files/Pods-Aktuel/Pods-Aktuel.release.xcconfig"; sourceTree = "<group>"; };
/* End PBXFileReference section */

/* Begin PBXFrameworksBuildPhase section */
		9C14AE28216B57AF00C18E8E /* Frameworks */ = {
			isa = PBXFrameworksBuildPhase;
			buildActionMask = 2147483647;
			files = (
				BED42983BC6A1C8762DB2124 /* Pods_Aktuel.framework in Frameworks */,
			);
			runOnlyForDeploymentPostprocessing = 0;
		};
/* End PBXFrameworksBuildPhase section */

/* Begin PBXGroup section */
		0296D3FAB274A949B2FAE820 /* Pods */ = {
			isa = PBXGroup;
			children = (
				7EDAF440C84A481C1D5D2FA6 /* Pods-Aktuel.debug.xcconfig */,
				BE664538417F116E535AC7C3 /* Pods-Aktuel.release.xcconfig */,
			);
			name = Pods;
			sourceTree = "<group>";
		};
		459CD133372D69238A551D7B /* Frameworks */ = {
			isa = PBXGroup;
			children = (
				2F6BBB0107EF1F23F0A013AB /* Pods_Aktuel.framework */,
			);
			name = Frameworks;
			sourceTree = "<group>";
		};
		9C14AE22216B57AF00C18E8E = {
			isa = PBXGroup;
			children = (
				9C14AE2D216B57AF00C18E8E /* Aktuel */,
				9C14AE2C216B57AF00C18E8E /* Products */,
				0296D3FAB274A949B2FAE820 /* Pods */,
				459CD133372D69238A551D7B /* Frameworks */,
			);
			sourceTree = "<group>";
		};
		9C14AE2C216B57AF00C18E8E /* Products */ = {
			isa = PBXGroup;
			children = (
				9C14AE2B216B57AF00C18E8E /* Aktuel.app */,
			);
			name = Products;
			sourceTree = "<group>";
		};
		9C14AE2D216B57AF00C18E8E /* Aktuel */ = {
			isa = PBXGroup;
			children = (
				9C90CEA6216F64FB000960A5 /* images */,
				9C14AE2E216B57AF00C18E8E /* AppDelegate.swift */,
				9C14AE32216B57AF00C18E8E /* Main.storyboard */,
				9C14AE30216B57AF00C18E8E /* ViewController.swift */,
				9CCEE8CD216E39A200D09E87 /* mainCell.swift */,
				9C8EA846216F89CC00C9E9F4 /* detailsViewController.swift */,
				9C87AC8821769FA300DCF895 /* detailsCell.swift */,
				9C87AC86217699A800DCF895 /* brosurDetails.swift */,
				9C14AE35216B57B100C18E8E /* Assets.xcassets */,
				9C14AE37216B57B100C18E8E /* LaunchScreen.storyboard */,
				9C14AE3A216B57B100C18E8E /* Info.plist */,
			);
			path = Aktuel;
			sourceTree = "<group>";
		};
		9C90CEA6216F64FB000960A5 /* images */ = {
			isa = PBXGroup;
			children = (
				9C90CEA7216F6517000960A5 /* launcscreen.png */,
			);
			path = images;
			sourceTree = "<group>";
		};
/* End PBXGroup section */

/* Begin PBXNativeTarget section */
		9C14AE2A216B57AF00C18E8E /* Aktuel */ = {
			isa = PBXNativeTarget;
			buildConfigurationList = 9C14AE3D216B57B100C18E8E /* Build configuration list for PBXNativeTarget "Aktuel" */;
			buildPhases = (
				B6480E9CB4EE5B02D72E920E /* [CP] Check Pods Manifest.lock */,
				9C14AE27216B57AF00C18E8E /* Sources */,
				9C14AE28216B57AF00C18E8E /* Frameworks */,
				9C14AE29216B57AF00C18E8E /* Resources */,
			);
			buildRules = (
			);
			dependencies = (
			);
			name = Aktuel;
			productName = Aktuel;
			productReference = 9C14AE2B216B57AF00C18E8E /* Aktuel.app */;
			productType = "com.apple.product-type.application";
		};
/* End PBXNativeTarget section */

/* Begin PBXProject section */
		9C14AE23216B57AF00C18E8E /* Project object */ = {
			isa = PBXProject;
			attributes = {
				LastSwiftUpdateCheck = 1000;
				LastUpgradeCheck = 1000;
				ORGANIZATIONNAME = "Caner Uçar";
				TargetAttributes = {
					9C14AE2A216B57AF00C18E8E = {
						CreatedOnToolsVersion = 10.0;
					};
				};
			};
			buildConfigurationList = 9C14AE26216B57AF00C18E8E /* Build configuration list for PBXProject "Aktuel" */;
			compatibilityVersion = "Xcode 9.3";
			developmentRegion = en;
			hasScannedForEncodings = 0;
			knownRegions = (
				en,
				Base,
			);
			mainGroup = 9C14AE22216B57AF00C18E8E;
			productRefGroup = 9C14AE2C216B57AF00C18E8E /* Products */;
			projectDirPath = "";
			projectRoot = "";
			targets = (
				9C14AE2A216B57AF00C18E8E /* Aktuel */,
			);
		};
/* End PBXProject section */

/* Begin PBXResourcesBuildPhase section */
		9C14AE29216B57AF00C18E8E /* Resources */ = {
			isa = PBXResourcesBuildPhase;
			buildActionMask = 2147483647;
			files = (
				9C14AE39216B57B100C18E8E /* LaunchScreen.storyboard in Resources */,
				9C90CEA8216F6517000960A5 /* launcscreen.png in Resources */,
				9C14AE36216B57B100C18E8E /* Assets.xcassets in Resources */,
				9C14AE34216B57AF00C18E8E /* Main.storyboard in Resources */,
			);
			runOnlyForDeploymentPostprocessing = 0;
		};
/* End PBXResourcesBuildPhase section */

/* Begin PBXShellScriptBuildPhase section */
		B6480E9CB4EE5B02D72E920E /* [CP] Check Pods Manifest.lock */ = {
			isa = PBXShellScriptBuildPhase;
			buildActionMask = 2147483647;
			files = (
			);
			inputPaths = (
				"${PODS_PODFILE_DIR_PATH}/Podfile.lock",
				"${PODS_ROOT}/Manifest.lock",
			);
			name = "[CP] Check Pods Manifest.lock";
			outputPaths = (
				"$(DERIVED_FILE_DIR)/Pods-Aktuel-checkManifestLockResult.txt",
			);
			runOnlyForDeploymentPostprocessing = 0;
			shellPath = /bin/sh;
			shellScript = "diff \"${PODS_PODFILE_DIR_PATH}/Podfile.lock\" \"${PODS_ROOT}/Manifest.lock\" > /dev/null\nif [ $? != 0 ] ; then\n    # print error to STDERR\n    echo \"error: The sandbox is not in sync with the Podfile.lock. Run 'pod install' or update your CocoaPods installation.\" >&2\n    exit 1\nfi\n# This output is used by Xcode 'outputs' to avoid re-running this script phase.\necho \"SUCCESS\" > \"${SCRIPT_OUTPUT_FILE_0}\"\n";
			showEnvVarsInLog = 0;
		};
/* End PBXShellScriptBuildPhase section */

/* Begin PBXSourcesBuildPhase section */
		9C14AE27216B57AF00C18E8E /* Sources */ = {
			isa = PBXSourcesBuildPhase;
			buildActionMask = 2147483647;
			files = (
				9C14AE31216B57AF00C18E8E /* ViewController.swift in Sources */,
				9CCEE8CE216E39A200D09E87 /* mainCell.swift in Sources */,
				9C87AC87217699A800DCF895 /* brosurDetails.swift in Sources */,
				9C14AE2F216B57AF00C18E8E /* AppDelegate.swift in Sources */,
				9C87AC8921769FA300DCF895 /* detailsCell.swift in Sources */,
				9C8EA847216F89CC00C9E9F4 /* detailsViewController.swift in Sources */,
			);
			runOnlyForDeploymentPostprocessing = 0;
		};
/* End PBXSourcesBuildPhase section */

/* Begin PBXVariantGroup section */
		9C14AE32216B57AF00C18E8E /* Main.storyboard */ = {
			isa = PBXVariantGroup;
			children = (
				9C14AE33216B57AF00C18E8E /* Base */,
			);
			name = Main.storyboard;
			sourceTree = "<group>";
		};
		9C14AE37216B57B100C18E8E /* LaunchScreen.storyboard */ = {
			isa = PBXVariantGroup;
			children = (
				9C14AE38216B57B100C18E8E /* Base */,
			);
			name = LaunchScreen.storyboard;
			sourceTree = "<group>";
		};
/* End PBXVariantGroup section */

/* Begin XCBuildConfiguration section */
		9C14AE3B216B57B100C18E8E /* Debug */ = {
			isa = XCBuildConfiguration;
			buildSettings = {
				ALWAYS_SEARCH_USER_PATHS = NO;
				CLANG_ANALYZER_NONNULL = YES;
				CLANG_ANALYZER_NUMBER_OBJECT_CONVERSION = YES_AGGRESSIVE;
				CLANG_CXX_LANGUAGE_STANDARD = "gnu++14";
				CLANG_CXX_LIBRARY = "libc++";
				CLANG_ENABLE_MODULES = YES;
				CLANG_ENABLE_OBJC_ARC = YES;
				CLANG_ENABLE_OBJC_WEAK = YES;
				CLANG_WARN_BLOCK_CAPTURE_AUTORELEASING = YES;
				CLANG_WARN_BOOL_CONVERSION = YES;
				CLANG_WARN_COMMA = YES;
				CLANG_WARN_CONSTANT_CONVERSION = YES;
				CLANG_WARN_DEPRECATED_OBJC_IMPLEMENTATIONS = YES;
				CLANG_WARN_DIRECT_OBJC_ISA_USAGE = YES_ERROR;
				CLANG_WARN_DOCUMENTATION_COMMENTS = YES;
				CLANG_WARN_EMPTY_BODY = YES;
				CLANG_WARN_ENUM_CONVERSION = YES;
				CLANG_WARN_INFINITE_RECURSION = YES;
				CLANG_WARN_INT_CONVERSION = YES;
				CLANG_WARN_NON_LITERAL_NULL_CONVERSION = YES;
				CLANG_WARN_OBJC_IMPLICIT_RETAIN_SELF = YES;
				CLANG_WARN_OBJC_LITERAL_CONVERSION = YES;
				CLANG_WARN_OBJC_ROOT_CLASS = YES_ERROR;
				CLANG_WARN_RANGE_LOOP_ANALYSIS = YES;
				CLANG_WARN_STRICT_PROTOTYPES = YES;
				CLANG_WARN_SUSPICIOUS_MOVE = YES;
				CLANG_WARN_UNGUARDED_AVAILABILITY = YES_AGGRESSIVE;
				CLANG_WARN_UNREACHABLE_CODE = YES;
				CLANG_WARN__DUPLICATE_METHOD_MATCH = YES;
				CODE_SIGN_IDENTITY = "iPhone Developer";
				COPY_PHASE_STRIP = NO;
				DEBUG_INFORMATION_FORMAT = dwarf;
				ENABLE_STRICT_OBJC_MSGSEND = YES;
				ENABLE_TESTABILITY = YES;
				GCC_C_LANGUAGE_STANDARD = gnu11;
				GCC_DYNAMIC_NO_PIC = NO;
				GCC_NO_COMMON_BLOCKS = YES;
				GCC_OPTIMIZATION_LEVEL = 0;
				GCC_PREPROCESSOR_DEFINITIONS = (
					"DEBUG=1",
					"$(inherited)",
				);
				GCC_WARN_64_TO_32_BIT_CONVERSION = YES;
				GCC_WARN_ABOUT_RETURN_TYPE = YES_ERROR;
				GCC_WARN_UNDECLARED_SELECTOR = YES;
				GCC_WARN_UNINITIALIZED_AUTOS = YES_AGGRESSIVE;
				GCC_WARN_UNUSED_FUNCTION = YES;
				GCC_WARN_UNUSED_VARIABLE = YES;
				IPHONEOS_DEPLOYMENT_TARGET = 12.0;
				MTL_ENABLE_DEBUG_INFO = INCLUDE_SOURCE;
				MTL_FAST_MATH = YES;
				ONLY_ACTIVE_ARCH = YES;
				SDKROOT = iphoneos;
				SWIFT_ACTIVE_COMPILATION_CONDITIONS = DEBUG;
				SWIFT_OPTIMIZATION_LEVEL = "-Onone";
			};
			name = Debug;
		};
		9C14AE3C216B57B100C18E8E /* Release */ = {
			isa = XCBuildConfiguration;
			buildSettings = {
				ALWAYS_SEARCH_USER_PATHS = NO;
				CLANG_ANALYZER_NONNULL = YES;
				CLANG_ANALYZER_NUMBER_OBJECT_CONVERSION = YES_AGGRESSIVE;
				CLANG_CXX_LANGUAGE_STANDARD = "gnu++14";
				CLANG_CXX_LIBRARY = "libc++";
				CLANG_ENABLE_MODULES = YES;
				CLANG_ENABLE_OBJC_ARC = YES;
				CLANG_ENABLE_OBJC_WEAK = YES;
				CLANG_WARN_BLOCK_CAPTURE_AUTORELEASING = YES;
				CLANG_WARN_BOOL_CONVERSION = YES;
				CLANG_WARN_COMMA = YES;
				CLANG_WARN_CONSTANT_CONVERSION = YES;
				CLANG_WARN_DEPRECATED_OBJC_IMPLEMENTATIONS = YES;
				CLANG_WARN_DIRECT_OBJC_ISA_USAGE = YES_ERROR;
				CLANG_WARN_DOCUMENTATION_COMMENTS = YES;
				CLANG_WARN_EMPTY_BODY = YES;
				CLANG_WARN_ENUM_CONVERSION = YES;
				CLANG_WARN_INFINITE_RECURSION = YES;
				CLANG_WARN_INT_CONVERSION = YES;
				CLANG_WARN_NON_LITERAL_NULL_CONVERSION = YES;
				CLANG_WARN_OBJC_IMPLICIT_RETAIN_SELF = YES;
				CLANG_WARN_OBJC_LITERAL_CONVERSION = YES;
				CLANG_WARN_OBJC_ROOT_CLASS = YES_ERROR;
				CLANG_WARN_RANGE_LOOP_ANALYSIS = YES;
				CLANG_WARN_STRICT_PROTOTYPES = YES;
				CLANG_WARN_SUSPICIOUS_MOVE = YES;
				CLANG_WARN_UNGUARDED_AVAILABILITY = YES_AGGRESSIVE;
				CLANG_WARN_UNREACHABLE_CODE = YES;
				CLANG_WARN__DUPLICATE_METHOD_MATCH = YES;
				CODE_SIGN_IDENTITY = "iPhone Developer";
				COPY_PHASE_STRIP = NO;
				DEBUG_INFORMATION_FORMAT = "dwarf-with-dsym";
				ENABLE_NS_ASSERTIONS = NO;
				ENABLE_STRICT_OBJC_MSGSEND = YES;
				GCC_C_LANGUAGE_STANDARD = gnu11;
				GCC_NO_COMMON_BLOCKS = YES;
				GCC_WARN_64_TO_32_BIT_CONVERSION = YES;
				GCC_WARN_ABOUT_RETURN_TYPE = YES_ERROR;
				GCC_WARN_UNDECLARED_SELECTOR = YES;
				GCC_WARN_UNINITIALIZED_AUTOS = YES_AGGRESSIVE;
				GCC_WARN_UNUSED_FUNCTION = YES;
				GCC_WARN_UNUSED_VARIABLE = YES;
				IPHONEOS_DEPLOYMENT_TARGET = 12.0;
				MTL_ENABLE_DEBUG_INFO = NO;
				MTL_FAST_MATH = YES;
				SDKROOT = iphoneos;
				SWIFT_COMPILATION_MODE = wholemodule;
				SWIFT_OPTIMIZATION_LEVEL = "-O";
				VALIDATE_PRODUCT = YES;
			};
			name = Release;
		};
		9C14AE3E216B57B100C18E8E /* Debug */ = {
			isa = XCBuildConfiguration;
			baseConfigurationReference = 7EDAF440C84A481C1D5D2FA6 /* Pods-Aktuel.debug.xcconfig */;
			buildSettings = {
				ASSETCATALOG_COMPILER_APPICON_NAME = AppIcon;
				CODE_SIGN_STYLE = Automatic;
				DEVELOPMENT_TEAM = 22XVPVC3NZ;
				INFOPLIST_FILE = Aktuel/Info.plist;
				IPHONEOS_DEPLOYMENT_TARGET = 10.3;
				LD_RUNPATH_SEARCH_PATHS = (
					"$(inherited)",
					"@executable_path/Frameworks",
				);
				PRODUCT_BUNDLE_IDENTIFIER = com.canerucar.AktuelXs;
				PRODUCT_NAME = "$(TARGET_NAME)";
				SWIFT_VERSION = 4.2;
				TARGETED_DEVICE_FAMILY = "1,2";
			};
			name = Debug;
		};
		9C14AE3F216B57B100C18E8E /* Release */ = {
			isa = XCBuildConfiguration;
			baseConfigurationReference = BE664538417F116E535AC7C3 /* Pods-Aktuel.release.xcconfig */;
			buildSettings = {
				ASSETCATALOG_COMPILER_APPICON_NAME = AppIcon;
				CODE_SIGN_STYLE = Automatic;
				DEVELOPMENT_TEAM = 22XVPVC3NZ;
				INFOPLIST_FILE = Aktuel/Info.plist;
				IPHONEOS_DEPLOYMENT_TARGET = 10.3;
				LD_RUNPATH_SEARCH_PATHS = (
					"$(inherited)",
					"@executable_path/Frameworks",
				);
				PRODUCT_BUNDLE_IDENTIFIER = com.canerucar.AktuelXs;
				PRODUCT_NAME = "$(TARGET_NAME)";
				SWIFT_VERSION = 4.2;
				TARGETED_DEVICE_FAMILY = "1,2";
			};
			name = Release;
		};
/* End XCBuildConfiguration section */

/* Begin XCConfigurationList section */
		9C14AE26216B57AF00C18E8E /* Build configuration list for PBXProject "Aktuel" */ = {
			isa = XCConfigurationList;
			buildConfigurations = (
				9C14AE3B216B57B100C18E8E /* Debug */,
				9C14AE3C216B57B100C18E8E /* Release */,
			);
			defaultConfigurationIsVisible = 0;
			defaultConfigurationName = Release;
		};
		9C14AE3D216B57B100C18E8E /* Build configuration list for PBXNativeTarget "Aktuel" */ = {
			isa = XCConfigurationList;
			buildConfigurations = (
				9C14AE3E216B57B100C18E8E /* Debug */,
				9C14AE3F216B57B100C18E8E /* Release */,
			);
			defaultConfigurationIsVisible = 0;
			defaultConfigurationName = Release;
		};
/* End XCConfigurationList section */
	};
	rootObject = 9C14AE23216B57AF00C18E8E /* Project object */;
}
