// !$*UTF8*$!
{
	archiveVersion = 1;
	classes = {
	};
	objectVersion = 50;
	objects = {

/* Begin PBXBuildFile section */
		9CC71A282117CAA900C8EE71 /* AppDelegate.swift in Sources */ = {isa = PBXBuildFile; fileRef = 9CC71A272117CAA900C8EE71 /* AppDelegate.swift */; };
		9CC71A2A2117CAA900C8EE71 /* ViewController.swift in Sources */ = {isa = PBXBuildFile; fileRef = 9CC71A292117CAA900C8EE71 /* ViewController.swift */; };
		9CC71A2D2117CAA900C8EE71 /* Main.storyboard in Resources */ = {isa = PBXBuildFile; fileRef = 9CC71A2B2117CAA900C8EE71 /* Main.storyboard */; };
		9CC71A2F2117CAAA00C8EE71 /* Assets.xcassets in Resources */ = {isa = PBXBuildFile; fileRef = 9CC71A2E2117CAAA00C8EE71 /* Assets.xcassets */; };
		9CC71A322117CAAA00C8EE71 /* LaunchScreen.storyboard in Resources */ = {isa = PBXBuildFile; fileRef = 9CC71A302117CAAA00C8EE71 /* LaunchScreen.storyboard */; };
		9CC71A3D2117CAAA00C8EE71 /* captureGameTests.swift in Sources */ = {isa = PBXBuildFile; fileRef = 9CC71A3C2117CAAA00C8EE71 /* captureGameTests.swift */; };
		9CC71A482117CAAA00C8EE71 /* captureGameUITests.swift in Sources */ = {isa = PBXBuildFile; fileRef = 9CC71A472117CAAA00C8EE71 /* captureGameUITests.swift */; };
		9CC71A562117CAF700C8EE71 /* steve-jobs.png in Resources */ = {isa = PBXBuildFile; fileRef = 9CC71A552117CAF700C8EE71 /* steve-jobs.png */; };
/* End PBXBuildFile section */

/* Begin PBXContainerItemProxy section */
		9CC71A392117CAAA00C8EE71 /* PBXContainerItemProxy */ = {
			isa = PBXContainerItemProxy;
			containerPortal = 9CC71A1C2117CAA900C8EE71 /* Project object */;
			proxyType = 1;
			remoteGlobalIDString = 9CC71A232117CAA900C8EE71;
			remoteInfo = captureGame;
		};
		9CC71A442117CAAA00C8EE71 /* PBXContainerItemProxy */ = {
			isa = PBXContainerItemProxy;
			containerPortal = 9CC71A1C2117CAA900C8EE71 /* Project object */;
			proxyType = 1;
			remoteGlobalIDString = 9CC71A232117CAA900C8EE71;
			remoteInfo = captureGame;
		};
/* End PBXContainerItemProxy section */

/* Begin PBXFileReference section */
		9CC71A242117CAA900C8EE71 /* captureGame.app */ = {isa = PBXFileReference; explicitFileType = wrapper.application; includeInIndex = 0; path = captureGame.app; sourceTree = BUILT_PRODUCTS_DIR; };
		9CC71A272117CAA900C8EE71 /* AppDelegate.swift */ = {isa = PBXFileReference; lastKnownFileType = sourcecode.swift; path = AppDelegate.swift; sourceTree = "<group>"; };
		9CC71A292117CAA900C8EE71 /* ViewController.swift */ = {isa = PBXFileReference; lastKnownFileType = sourcecode.swift; path = ViewController.swift; sourceTree = "<group>"; };
		9CC71A2C2117CAA900C8EE71 /* Base */ = {isa = PBXFileReference; lastKnownFileType = file.storyboard; name = Base; path = Base.lproj/Main.storyboard; sourceTree = "<group>"; };
		9CC71A2E2117CAAA00C8EE71 /* Assets.xcassets */ = {isa = PBXFileReference; lastKnownFileType = folder.assetcatalog; path = Assets.xcassets; sourceTree = "<group>"; };
		9CC71A312117CAAA00C8EE71 /* Base */ = {isa = PBXFileReference; lastKnownFileType = file.storyboard; name = Base; path = Base.lproj/LaunchScreen.storyboard; sourceTree = "<group>"; };
		9CC71A332117CAAA00C8EE71 /* Info.plist */ = {isa = PBXFileReference; lastKnownFileType = text.plist.xml; path = Info.plist; sourceTree = "<group>"; };
		9CC71A382117CAAA00C8EE71 /* captureGameTests.xctest */ = {isa = PBXFileReference; explicitFileType = wrapper.cfbundle; includeInIndex = 0; path = captureGameTests.xctest; sourceTree = BUILT_PRODUCTS_DIR; };
		9CC71A3C2117CAAA00C8EE71 /* captureGameTests.swift */ = {isa = PBXFileReference; lastKnownFileType = sourcecode.swift; path = captureGameTests.swift; sourceTree = "<group>"; };
		9CC71A3E2117CAAA00C8EE71 /* Info.plist */ = {isa = PBXFileReference; lastKnownFileType = text.plist.xml; path = Info.plist; sourceTree = "<group>"; };
		9CC71A432117CAAA00C8EE71 /* captureGameUITests.xctest */ = {isa = PBXFileReference; explicitFileType = wrapper.cfbundle; includeInIndex = 0; path = captureGameUITests.xctest; sourceTree = BUILT_PRODUCTS_DIR; };
		9CC71A472117CAAA00C8EE71 /* captureGameUITests.swift */ = {isa = PBXFileReference; lastKnownFileType = sourcecode.swift; path = captureGameUITests.swift; sourceTree = "<group>"; };
		9CC71A492117CAAB00C8EE71 /* Info.plist */ = {isa = PBXFileReference; lastKnownFileType = text.plist.xml; path = Info.plist; sourceTree = "<group>"; };
		9CC71A552117CAF700C8EE71 /* steve-jobs.png */ = {isa = PBXFileReference; lastKnownFileType = image.png; path = "steve-jobs.png"; sourceTree = "<group>"; };
/* End PBXFileReference section */

/* Begin PBXFrameworksBuildPhase section */
		9CC71A212117CAA900C8EE71 /* Frameworks */ = {
			isa = PBXFrameworksBuildPhase;
			buildActionMask = 2147483647;
			files = (
			);
			runOnlyForDeploymentPostprocessing = 0;
		};
		9CC71A352117CAAA00C8EE71 /* Frameworks */ = {
			isa = PBXFrameworksBuildPhase;
			buildActionMask = 2147483647;
			files = (
			);
			runOnlyForDeploymentPostprocessing = 0;
		};
		9CC71A402117CAAA00C8EE71 /* Frameworks */ = {
			isa = PBXFrameworksBuildPhase;
			buildActionMask = 2147483647;
			files = (
			);
			runOnlyForDeploymentPostprocessing = 0;
		};
/* End PBXFrameworksBuildPhase section */

/* Begin PBXGroup section */
		9CC71A1B2117CAA900C8EE71 = {
			isa = PBXGroup;
			children = (
				9CC71A262117CAA900C8EE71 /* captureGame */,
				9CC71A3B2117CAAA00C8EE71 /* captureGameTests */,
				9CC71A462117CAAA00C8EE71 /* captureGameUITests */,
				9CC71A252117CAA900C8EE71 /* Products */,
			);
			sourceTree = "<group>";
		};
		9CC71A252117CAA900C8EE71 /* Products */ = {
			isa = PBXGroup;
			children = (
				9CC71A242117CAA900C8EE71 /* captureGame.app */,
				9CC71A382117CAAA00C8EE71 /* captureGameTests.xctest */,
				9CC71A432117CAAA00C8EE71 /* captureGameUITests.xctest */,
			);
			name = Products;
			sourceTree = "<group>";
		};
		9CC71A262117CAA900C8EE71 /* captureGame */ = {
			isa = PBXGroup;
			children = (
				9CC71A552117CAF700C8EE71 /* steve-jobs.png */,
				9CC71A272117CAA900C8EE71 /* AppDelegate.swift */,
				9CC71A292117CAA900C8EE71 /* ViewController.swift */,
				9CC71A2B2117CAA900C8EE71 /* Main.storyboard */,
				9CC71A2E2117CAAA00C8EE71 /* Assets.xcassets */,
				9CC71A302117CAAA00C8EE71 /* LaunchScreen.storyboard */,
				9CC71A332117CAAA00C8EE71 /* Info.plist */,
			);
			path = captureGame;
			sourceTree = "<group>";
		};
		9CC71A3B2117CAAA00C8EE71 /* captureGameTests */ = {
			isa = PBXGroup;
			children = (
				9CC71A3C2117CAAA00C8EE71 /* captureGameTests.swift */,
				9CC71A3E2117CAAA00C8EE71 /* Info.plist */,
			);
			path = captureGameTests;
			sourceTree = "<group>";
		};
		9CC71A462117CAAA00C8EE71 /* captureGameUITests */ = {
			isa = PBXGroup;
			children = (
				9CC71A472117CAAA00C8EE71 /* captureGameUITests.swift */,
				9CC71A492117CAAB00C8EE71 /* Info.plist */,
			);
			path = captureGameUITests;
			sourceTree = "<group>";
		};
/* End PBXGroup section */

/* Begin PBXNativeTarget section */
		9CC71A232117CAA900C8EE71 /* captureGame */ = {
			isa = PBXNativeTarget;
			buildConfigurationList = 9CC71A4C2117CAAB00C8EE71 /* Build configuration list for PBXNativeTarget "captureGame" */;
			buildPhases = (
				9CC71A202117CAA900C8EE71 /* Sources */,
				9CC71A212117CAA900C8EE71 /* Frameworks */,
				9CC71A222117CAA900C8EE71 /* Resources */,
			);
			buildRules = (
			);
			dependencies = (
			);
			name = captureGame;
			productName = captureGame;
			productReference = 9CC71A242117CAA900C8EE71 /* captureGame.app */;
			productType = "com.apple.product-type.application";
		};
		9CC71A372117CAAA00C8EE71 /* captureGameTests */ = {
			isa = PBXNativeTarget;
			buildConfigurationList = 9CC71A4F2117CAAB00C8EE71 /* Build configuration list for PBXNativeTarget "captureGameTests" */;
			buildPhases = (
				9CC71A342117CAAA00C8EE71 /* Sources */,
				9CC71A352117CAAA00C8EE71 /* Frameworks */,
				9CC71A362117CAAA00C8EE71 /* Resources */,
			);
			buildRules = (
			);
			dependencies = (
				9CC71A3A2117CAAA00C8EE71 /* PBXTargetDependency */,
			);
			name = captureGameTests;
			productName = captureGameTests;
			productReference = 9CC71A382117CAAA00C8EE71 /* captureGameTests.xctest */;
			productType = "com.apple.product-type.bundle.unit-test";
		};
		9CC71A422117CAAA00C8EE71 /* captureGameUITests */ = {
			isa = PBXNativeTarget;
			buildConfigurationList = 9CC71A522117CAAB00C8EE71 /* Build configuration list for PBXNativeTarget "captureGameUITests" */;
			buildPhases = (
				9CC71A3F2117CAAA00C8EE71 /* Sources */,
				9CC71A402117CAAA00C8EE71 /* Frameworks */,
				9CC71A412117CAAA00C8EE71 /* Resources */,
			);
			buildRules = (
			);
			dependencies = (
				9CC71A452117CAAA00C8EE71 /* PBXTargetDependency */,
			);
			name = captureGameUITests;
			productName = captureGameUITests;
			productReference = 9CC71A432117CAAA00C8EE71 /* captureGameUITests.xctest */;
			productType = "com.apple.product-type.bundle.ui-testing";
		};
/* End PBXNativeTarget section */

/* Begin PBXProject section */
		9CC71A1C2117CAA900C8EE71 /* Project object */ = {
			isa = PBXProject;
			attributes = {
				LastSwiftUpdateCheck = 0940;
				LastUpgradeCheck = 0940;
				ORGANIZATIONNAME = "Caner Uçar";
				TargetAttributes = {
					9CC71A232117CAA900C8EE71 = {
						CreatedOnToolsVersion = 9.4.1;
					};
					9CC71A372117CAAA00C8EE71 = {
						CreatedOnToolsVersion = 9.4.1;
						TestTargetID = 9CC71A232117CAA900C8EE71;
					};
					9CC71A422117CAAA00C8EE71 = {
						CreatedOnToolsVersion = 9.4.1;
						TestTargetID = 9CC71A232117CAA900C8EE71;
					};
				};
			};
			buildConfigurationList = 9CC71A1F2117CAA900C8EE71 /* Build configuration list for PBXProject "captureGame" */;
			compatibilityVersion = "Xcode 9.3";
			developmentRegion = en;
			hasScannedForEncodings = 0;
			knownRegions = (
				en,
				Base,
			);
			mainGroup = 9CC71A1B2117CAA900C8EE71;
			productRefGroup = 9CC71A252117CAA900C8EE71 /* Products */;
			projectDirPath = "";
			projectRoot = "";
			targets = (
				9CC71A232117CAA900C8EE71 /* captureGame */,
				9CC71A372117CAAA00C8EE71 /* captureGameTests */,
				9CC71A422117CAAA00C8EE71 /* captureGameUITests */,
			);
		};
/* End PBXProject section */

/* Begin PBXResourcesBuildPhase section */
		9CC71A222117CAA900C8EE71 /* Resources */ = {
			isa = PBXResourcesBuildPhase;
			buildActionMask = 2147483647;
			files = (
				9CC71A322117CAAA00C8EE71 /* LaunchScreen.storyboard in Resources */,
				9CC71A2F2117CAAA00C8EE71 /* Assets.xcassets in Resources */,
				9CC71A2D2117CAA900C8EE71 /* Main.storyboard in Resources */,
				9CC71A562117CAF700C8EE71 /* steve-jobs.png in Resources */,
			);
			runOnlyForDeploymentPostprocessing = 0;
		};
		9CC71A362117CAAA00C8EE71 /* Resources */ = {
			isa = PBXResourcesBuildPhase;
			buildActionMask = 2147483647;
			files = (
			);
			runOnlyForDeploymentPostprocessing = 0;
		};
		9CC71A412117CAAA00C8EE71 /* Resources */ = {
			isa = PBXResourcesBuildPhase;
			buildActionMask = 2147483647;
			files = (
			);
			runOnlyForDeploymentPostprocessing = 0;
		};
/* End PBXResourcesBuildPhase section */

/* Begin PBXSourcesBuildPhase section */
		9CC71A202117CAA900C8EE71 /* Sources */ = {
			isa = PBXSourcesBuildPhase;
			buildActionMask = 2147483647;
			files = (
				9CC71A2A2117CAA900C8EE71 /* ViewController.swift in Sources */,
				9CC71A282117CAA900C8EE71 /* AppDelegate.swift in Sources */,
			);
			runOnlyForDeploymentPostprocessing = 0;
		};
		9CC71A342117CAAA00C8EE71 /* Sources */ = {
			isa = PBXSourcesBuildPhase;
			buildActionMask = 2147483647;
			files = (
				9CC71A3D2117CAAA00C8EE71 /* captureGameTests.swift in Sources */,
			);
			runOnlyForDeploymentPostprocessing = 0;
		};
		9CC71A3F2117CAAA00C8EE71 /* Sources */ = {
			isa = PBXSourcesBuildPhase;
			buildActionMask = 2147483647;
			files = (
				9CC71A482117CAAA00C8EE71 /* captureGameUITests.swift in Sources */,
			);
			runOnlyForDeploymentPostprocessing = 0;
		};
/* End PBXSourcesBuildPhase section */

/* Begin PBXTargetDependency section */
		9CC71A3A2117CAAA00C8EE71 /* PBXTargetDependency */ = {
			isa = PBXTargetDependency;
			target = 9CC71A232117CAA900C8EE71 /* captureGame */;
			targetProxy = 9CC71A392117CAAA00C8EE71 /* PBXContainerItemProxy */;
		};
		9CC71A452117CAAA00C8EE71 /* PBXTargetDependency */ = {
			isa = PBXTargetDependency;
			target = 9CC71A232117CAA900C8EE71 /* captureGame */;
			targetProxy = 9CC71A442117CAAA00C8EE71 /* PBXContainerItemProxy */;
		};
/* End PBXTargetDependency section */

/* Begin PBXVariantGroup section */
		9CC71A2B2117CAA900C8EE71 /* Main.storyboard */ = {
			isa = PBXVariantGroup;
			children = (
				9CC71A2C2117CAA900C8EE71 /* Base */,
			);
			name = Main.storyboard;
			sourceTree = "<group>";
		};
		9CC71A302117CAAA00C8EE71 /* LaunchScreen.storyboard */ = {
			isa = PBXVariantGroup;
			children = (
				9CC71A312117CAAA00C8EE71 /* Base */,
			);
			name = LaunchScreen.storyboard;
			sourceTree = "<group>";
		};
/* End PBXVariantGroup section */

/* Begin XCBuildConfiguration section */
		9CC71A4A2117CAAB00C8EE71 /* Debug */ = {
			isa = XCBuildConfiguration;
			buildSettings = {
				ALWAYS_SEARCH_USER_PATHS = NO;
				CLANG_ANALYZER_NONNULL = YES;
				CLANG_ANALYZER_NUMBER_OBJECT_CONVERSION = YES_AGGRESSIVE;
				CLANG_CXX_LANGUAGE_STANDARD = "gnu++14";
				CLANG_CXX_LIBRARY = "libc++";
				CLANG_ENABLE_MODULES = YES;
				CLANG_ENABLE_OBJC_ARC = YES;
				CLANG_ENABLE_OBJC_WEAK = YES;
				CLANG_WARN_BLOCK_CAPTURE_AUTORELEASING = YES;
				CLANG_WARN_BOOL_CONVERSION = YES;
				CLANG_WARN_COMMA = YES;
				CLANG_WARN_CONSTANT_CONVERSION = YES;
				CLANG_WARN_DEPRECATED_OBJC_IMPLEMENTATIONS = YES;
				CLANG_WARN_DIRECT_OBJC_ISA_USAGE = YES_ERROR;
				CLANG_WARN_DOCUMENTATION_COMMENTS = YES;
				CLANG_WARN_EMPTY_BODY = YES;
				CLANG_WARN_ENUM_CONVERSION = YES;
				CLANG_WARN_INFINITE_RECURSION = YES;
				CLANG_WARN_INT_CONVERSION = YES;
				CLANG_WARN_NON_LITERAL_NULL_CONVERSION = YES;
				CLANG_WARN_OBJC_IMPLICIT_RETAIN_SELF = YES;
				CLANG_WARN_OBJC_LITERAL_CONVERSION = YES;
				CLANG_WARN_OBJC_ROOT_CLASS = YES_ERROR;
				CLANG_WARN_RANGE_LOOP_ANALYSIS = YES;
				CLANG_WARN_STRICT_PROTOTYPES = YES;
				CLANG_WARN_SUSPICIOUS_MOVE = YES;
				CLANG_WARN_UNGUARDED_AVAILABILITY = YES_AGGRESSIVE;
				CLANG_WARN_UNREACHABLE_CODE = YES;
				CLANG_WARN__DUPLICATE_METHOD_MATCH = YES;
				CODE_SIGN_IDENTITY = "iPhone Developer";
				COPY_PHASE_STRIP = NO;
				DEBUG_INFORMATION_FORMAT = dwarf;
				ENABLE_STRICT_OBJC_MSGSEND = YES;
				ENABLE_TESTABILITY = YES;
				GCC_C_LANGUAGE_STANDARD = gnu11;
				GCC_DYNAMIC_NO_PIC = NO;
				GCC_NO_COMMON_BLOCKS = YES;
				GCC_OPTIMIZATION_LEVEL = 0;
				GCC_PREPROCESSOR_DEFINITIONS = (
					"DEBUG=1",
					"$(inherited)",
				);
				GCC_WARN_64_TO_32_BIT_CONVERSION = YES;
				GCC_WARN_ABOUT_RETURN_TYPE = YES_ERROR;
				GCC_WARN_UNDECLARED_SELECTOR = YES;
				GCC_WARN_UNINITIALIZED_AUTOS = YES_AGGRESSIVE;
				GCC_WARN_UNUSED_FUNCTION = YES;
				GCC_WARN_UNUSED_VARIABLE = YES;
				IPHONEOS_DEPLOYMENT_TARGET = 11.4;
				MTL_ENABLE_DEBUG_INFO = YES;
				ONLY_ACTIVE_ARCH = YES;
				SDKROOT = iphoneos;
				SWIFT_ACTIVE_COMPILATION_CONDITIONS = DEBUG;
				SWIFT_OPTIMIZATION_LEVEL = "-Onone";
			};
			name = Debug;
		};
		9CC71A4B2117CAAB00C8EE71 /* Release */ = {
			isa = XCBuildConfiguration;
			buildSettings = {
				ALWAYS_SEARCH_USER_PATHS = NO;
				CLANG_ANALYZER_NONNULL = YES;
				CLANG_ANALYZER_NUMBER_OBJECT_CONVERSION = YES_AGGRESSIVE;
				CLANG_CXX_LANGUAGE_STANDARD = "gnu++14";
				CLANG_CXX_LIBRARY = "libc++";
				CLANG_ENABLE_MODULES = YES;
				CLANG_ENABLE_OBJC_ARC = YES;
				CLANG_ENABLE_OBJC_WEAK = YES;
				CLANG_WARN_BLOCK_CAPTURE_AUTORELEASING = YES;
				CLANG_WARN_BOOL_CONVERSION = YES;
				CLANG_WARN_COMMA = YES;
				CLANG_WARN_CONSTANT_CONVERSION = YES;
				CLANG_WARN_DEPRECATED_OBJC_IMPLEMENTATIONS = YES;
				CLANG_WARN_DIRECT_OBJC_ISA_USAGE = YES_ERROR;
				CLANG_WARN_DOCUMENTATION_COMMENTS = YES;
				CLANG_WARN_EMPTY_BODY = YES;
				CLANG_WARN_ENUM_CONVERSION = YES;
				CLANG_WARN_INFINITE_RECURSION = YES;
				CLANG_WARN_INT_CONVERSION = YES;
				CLANG_WARN_NON_LITERAL_NULL_CONVERSION = YES;
				CLANG_WARN_OBJC_IMPLICIT_RETAIN_SELF = YES;
				CLANG_WARN_OBJC_LITERAL_CONVERSION = YES;
				CLANG_WARN_OBJC_ROOT_CLASS = YES_ERROR;
				CLANG_WARN_RANGE_LOOP_ANALYSIS = YES;
				CLANG_WARN_STRICT_PROTOTYPES = YES;
				CLANG_WARN_SUSPICIOUS_MOVE = YES;
				CLANG_WARN_UNGUARDED_AVAILABILITY = YES_AGGRESSIVE;
				CLANG_WARN_UNREACHABLE_CODE = YES;
				CLANG_WARN__DUPLICATE_METHOD_MATCH = YES;
				CODE_SIGN_IDENTITY = "iPhone Developer";
				COPY_PHASE_STRIP = NO;
				DEBUG_INFORMATION_FORMAT = "dwarf-with-dsym";
				ENABLE_NS_ASSERTIONS = NO;
				ENABLE_STRICT_OBJC_MSGSEND = YES;
				GCC_C_LANGUAGE_STANDARD = gnu11;
				GCC_NO_COMMON_BLOCKS = YES;
				GCC_WARN_64_TO_32_BIT_CONVERSION = YES;
				GCC_WARN_ABOUT_RETURN_TYPE = YES_ERROR;
				GCC_WARN_UNDECLARED_SELECTOR = YES;
				GCC_WARN_UNINITIALIZED_AUTOS = YES_AGGRESSIVE;
				GCC_WARN_UNUSED_FUNCTION = YES;
				GCC_WARN_UNUSED_VARIABLE = YES;
				IPHONEOS_DEPLOYMENT_TARGET = 11.4;
				MTL_ENABLE_DEBUG_INFO = NO;
				SDKROOT = iphoneos;
				SWIFT_COMPILATION_MODE = wholemodule;
				SWIFT_OPTIMIZATION_LEVEL = "-O";
				VALIDATE_PRODUCT = YES;
			};
			name = Release;
		};
		9CC71A4D2117CAAB00C8EE71 /* Debug */ = {
			isa = XCBuildConfiguration;
			buildSettings = {
				ASSETCATALOG_COMPILER_APPICON_NAME = AppIcon;
				CODE_SIGN_STYLE = Automatic;
				DEVELOPMENT_TEAM = DLL23T4GCG;
				INFOPLIST_FILE = captureGame/Info.plist;
				IPHONEOS_DEPLOYMENT_TARGET = 10.3;
				LD_RUNPATH_SEARCH_PATHS = (
					"$(inherited)",
					"@executable_path/Frameworks",
				);
				PRODUCT_BUNDLE_IDENTIFIER = com.canerucar.captureGame;
				PRODUCT_NAME = "$(TARGET_NAME)";
				SWIFT_VERSION = 4.0;
				TARGETED_DEVICE_FAMILY = "1,2";
			};
			name = Debug;
		};
		9CC71A4E2117CAAB00C8EE71 /* Release */ = {
			isa = XCBuildConfiguration;
			buildSettings = {
				ASSETCATALOG_COMPILER_APPICON_NAME = AppIcon;
				CODE_SIGN_STYLE = Automatic;
				DEVELOPMENT_TEAM = DLL23T4GCG;
				INFOPLIST_FILE = captureGame/Info.plist;
				IPHONEOS_DEPLOYMENT_TARGET = 10.3;
				LD_RUNPATH_SEARCH_PATHS = (
					"$(inherited)",
					"@executable_path/Frameworks",
				);
				PRODUCT_BUNDLE_IDENTIFIER = com.canerucar.captureGame;
				PRODUCT_NAME = "$(TARGET_NAME)";
				SWIFT_VERSION = 4.0;
				TARGETED_DEVICE_FAMILY = "1,2";
			};
			name = Release;
		};
		9CC71A502117CAAB00C8EE71 /* Debug */ = {
			isa = XCBuildConfiguration;
			buildSettings = {
				ALWAYS_EMBED_SWIFT_STANDARD_LIBRARIES = YES;
				BUNDLE_LOADER = "$(TEST_HOST)";
				CODE_SIGN_STYLE = Automatic;
				DEVELOPMENT_TEAM = DNQRAL589Q;
				INFOPLIST_FILE = captureGameTests/Info.plist;
				LD_RUNPATH_SEARCH_PATHS = (
					"$(inherited)",
					"@executable_path/Frameworks",
					"@loader_path/Frameworks",
				);
				PRODUCT_BUNDLE_IDENTIFIER = com.canerucar.captureGameTests;
				PRODUCT_NAME = "$(TARGET_NAME)";
				SWIFT_VERSION = 4.0;
				TARGETED_DEVICE_FAMILY = "1,2";
				TEST_HOST = "$(BUILT_PRODUCTS_DIR)/captureGame.app/captureGame";
			};
			name = Debug;
		};
		9CC71A512117CAAB00C8EE71 /* Release */ = {
			isa = XCBuildConfiguration;
			buildSettings = {
				ALWAYS_EMBED_SWIFT_STANDARD_LIBRARIES = YES;
				BUNDLE_LOADER = "$(TEST_HOST)";
				CODE_SIGN_STYLE = Automatic;
				DEVELOPMENT_TEAM = DNQRAL589Q;
				INFOPLIST_FILE = captureGameTests/Info.plist;
				LD_RUNPATH_SEARCH_PATHS = (
					"$(inherited)",
					"@executable_path/Frameworks",
					"@loader_path/Frameworks",
				);
				PRODUCT_BUNDLE_IDENTIFIER = com.canerucar.captureGameTests;
				PRODUCT_NAME = "$(TARGET_NAME)";
				SWIFT_VERSION = 4.0;
				TARGETED_DEVICE_FAMILY = "1,2";
				TEST_HOST = "$(BUILT_PRODUCTS_DIR)/captureGame.app/captureGame";
			};
			name = Release;
		};
		9CC71A532117CAAB00C8EE71 /* Debug */ = {
			isa = XCBuildConfiguration;
			buildSettings = {
				ALWAYS_EMBED_SWIFT_STANDARD_LIBRARIES = YES;
				CODE_SIGN_STYLE = Automatic;
				DEVELOPMENT_TEAM = DNQRAL589Q;
				INFOPLIST_FILE = captureGameUITests/Info.plist;
				LD_RUNPATH_SEARCH_PATHS = (
					"$(inherited)",
					"@executable_path/Frameworks",
					"@loader_path/Frameworks",
				);
				PRODUCT_BUNDLE_IDENTIFIER = com.canerucar.captureGameUITests;
				PRODUCT_NAME = "$(TARGET_NAME)";
				SWIFT_VERSION = 4.0;
				TARGETED_DEVICE_FAMILY = "1,2";
				TEST_TARGET_NAME = captureGame;
			};
			name = Debug;
		};
		9CC71A542117CAAB00C8EE71 /* Release */ = {
			isa = XCBuildConfiguration;
			buildSettings = {
				ALWAYS_EMBED_SWIFT_STANDARD_LIBRARIES = YES;
				CODE_SIGN_STYLE = Automatic;
				DEVELOPMENT_TEAM = DNQRAL589Q;
				INFOPLIST_FILE = captureGameUITests/Info.plist;
				LD_RUNPATH_SEARCH_PATHS = (
					"$(inherited)",
					"@executable_path/Frameworks",
					"@loader_path/Frameworks",
				);
				PRODUCT_BUNDLE_IDENTIFIER = com.canerucar.captureGameUITests;
				PRODUCT_NAME = "$(TARGET_NAME)";
				SWIFT_VERSION = 4.0;
				TARGETED_DEVICE_FAMILY = "1,2";
				TEST_TARGET_NAME = captureGame;
			};
			name = Release;
		};
/* End XCBuildConfiguration section */

/* Begin XCConfigurationList section */
		9CC71A1F2117CAA900C8EE71 /* Build configuration list for PBXProject "captureGame" */ = {
			isa = XCConfigurationList;
			buildConfigurations = (
				9CC71A4A2117CAAB00C8EE71 /* Debug */,
				9CC71A4B2117CAAB00C8EE71 /* Release */,
			);
			defaultConfigurationIsVisible = 0;
			defaultConfigurationName = Release;
		};
		9CC71A4C2117CAAB00C8EE71 /* Build configuration list for PBXNativeTarget "captureGame" */ = {
			isa = XCConfigurationList;
			buildConfigurations = (
				9CC71A4D2117CAAB00C8EE71 /* Debug */,
				9CC71A4E2117CAAB00C8EE71 /* Release */,
			);
			defaultConfigurationIsVisible = 0;
			defaultConfigurationName = Release;
		};
		9CC71A4F2117CAAB00C8EE71 /* Build configuration list for PBXNativeTarget "captureGameTests" */ = {
			isa = XCConfigurationList;
			buildConfigurations = (
				9CC71A502117CAAB00C8EE71 /* Debug */,
				9CC71A512117CAAB00C8EE71 /* Release */,
			);
			defaultConfigurationIsVisible = 0;
			defaultConfigurationName = Release;
		};
		9CC71A522117CAAB00C8EE71 /* Build configuration list for PBXNativeTarget "captureGameUITests" */ = {
			isa = XCConfigurationList;
			buildConfigurations = (
				9CC71A532117CAAB00C8EE71 /* Debug */,
				9CC71A542117CAAB00C8EE71 /* Release */,
			);
			defaultConfigurationIsVisible = 0;
			defaultConfigurationName = Release;
		};
/* End XCConfigurationList section */
	};
	rootObject = 9CC71A1C2117CAA900C8EE71 /* Project object */;
}
