// !$*UTF8*$!
{
	archiveVersion = 1;
	classes = {
	};
	objectVersion = 50;
	objects = {

/* Begin PBXBuildFile section */
		9CB10F26211CB48200F59B73 /* AppDelegate.swift in Sources */ = {isa = PBXBuildFile; fileRef = 9CB10F25211CB48200F59B73 /* AppDelegate.swift */; };
		9CB10F28211CB48200F59B73 /* ViewController.swift in Sources */ = {isa = PBXBuildFile; fileRef = 9CB10F27211CB48200F59B73 /* ViewController.swift */; };
		9CB10F2B211CB48200F59B73 /* Main.storyboard in Resources */ = {isa = PBXBuildFile; fileRef = 9CB10F29211CB48200F59B73 /* Main.storyboard */; };
		9CB10F2D211CB48300F59B73 /* Assets.xcassets in Resources */ = {isa = PBXBuildFile; fileRef = 9CB10F2C211CB48300F59B73 /* Assets.xcassets */; };
		9CB10F30211CB48300F59B73 /* LaunchScreen.storyboard in Resources */ = {isa = PBXBuildFile; fileRef = 9CB10F2E211CB48300F59B73 /* LaunchScreen.storyboard */; };
		9CB10F3B211CB48300F59B73 /* simpsonBookTests.swift in Sources */ = {isa = PBXBuildFile; fileRef = 9CB10F3A211CB48300F59B73 /* simpsonBookTests.swift */; };
		9CB10F46211CB48300F59B73 /* simpsonBookUITests.swift in Sources */ = {isa = PBXBuildFile; fileRef = 9CB10F45211CB48300F59B73 /* simpsonBookUITests.swift */; };
		9CB10F54211CB4DB00F59B73 /* detailsVC.swift in Sources */ = {isa = PBXBuildFile; fileRef = 9CB10F53211CB4DB00F59B73 /* detailsVC.swift */; };
		9CB10F56211CB78200F59B73 /* images in Resources */ = {isa = PBXBuildFile; fileRef = 9CB10F55211CB78200F59B73 /* images */; };
		9CB10F58211CC0F100F59B73 /* Simpson.swift in Sources */ = {isa = PBXBuildFile; fileRef = 9CB10F57211CC0F100F59B73 /* Simpson.swift */; };
/* End PBXBuildFile section */

/* Begin PBXContainerItemProxy section */
		9CB10F37211CB48300F59B73 /* PBXContainerItemProxy */ = {
			isa = PBXContainerItemProxy;
			containerPortal = 9CB10F1A211CB48200F59B73 /* Project object */;
			proxyType = 1;
			remoteGlobalIDString = 9CB10F21211CB48200F59B73;
			remoteInfo = simpsonBook;
		};
		9CB10F42211CB48300F59B73 /* PBXContainerItemProxy */ = {
			isa = PBXContainerItemProxy;
			containerPortal = 9CB10F1A211CB48200F59B73 /* Project object */;
			proxyType = 1;
			remoteGlobalIDString = 9CB10F21211CB48200F59B73;
			remoteInfo = simpsonBook;
		};
/* End PBXContainerItemProxy section */

/* Begin PBXFileReference section */
		9CB10F22211CB48200F59B73 /* simpsonBook.app */ = {isa = PBXFileReference; explicitFileType = wrapper.application; includeInIndex = 0; path = simpsonBook.app; sourceTree = BUILT_PRODUCTS_DIR; };
		9CB10F25211CB48200F59B73 /* AppDelegate.swift */ = {isa = PBXFileReference; lastKnownFileType = sourcecode.swift; path = AppDelegate.swift; sourceTree = "<group>"; };
		9CB10F27211CB48200F59B73 /* ViewController.swift */ = {isa = PBXFileReference; lastKnownFileType = sourcecode.swift; path = ViewController.swift; sourceTree = "<group>"; };
		9CB10F2A211CB48200F59B73 /* Base */ = {isa = PBXFileReference; lastKnownFileType = file.storyboard; name = Base; path = Base.lproj/Main.storyboard; sourceTree = "<group>"; };
		9CB10F2C211CB48300F59B73 /* Assets.xcassets */ = {isa = PBXFileReference; lastKnownFileType = folder.assetcatalog; path = Assets.xcassets; sourceTree = "<group>"; };
		9CB10F2F211CB48300F59B73 /* Base */ = {isa = PBXFileReference; lastKnownFileType = file.storyboard; name = Base; path = Base.lproj/LaunchScreen.storyboard; sourceTree = "<group>"; };
		9CB10F31211CB48300F59B73 /* Info.plist */ = {isa = PBXFileReference; lastKnownFileType = text.plist.xml; path = Info.plist; sourceTree = "<group>"; };
		9CB10F36211CB48300F59B73 /* simpsonBookTests.xctest */ = {isa = PBXFileReference; explicitFileType = wrapper.cfbundle; includeInIndex = 0; path = simpsonBookTests.xctest; sourceTree = BUILT_PRODUCTS_DIR; };
		9CB10F3A211CB48300F59B73 /* simpsonBookTests.swift */ = {isa = PBXFileReference; lastKnownFileType = sourcecode.swift; path = simpsonBookTests.swift; sourceTree = "<group>"; };
		9CB10F3C211CB48300F59B73 /* Info.plist */ = {isa = PBXFileReference; lastKnownFileType = text.plist.xml; path = Info.plist; sourceTree = "<group>"; };
		9CB10F41211CB48300F59B73 /* simpsonBookUITests.xctest */ = {isa = PBXFileReference; explicitFileType = wrapper.cfbundle; includeInIndex = 0; path = simpsonBookUITests.xctest; sourceTree = BUILT_PRODUCTS_DIR; };
		9CB10F45211CB48300F59B73 /* simpsonBookUITests.swift */ = {isa = PBXFileReference; lastKnownFileType = sourcecode.swift; path = simpsonBookUITests.swift; sourceTree = "<group>"; };
		9CB10F47211CB48300F59B73 /* Info.plist */ = {isa = PBXFileReference; lastKnownFileType = text.plist.xml; path = Info.plist; sourceTree = "<group>"; };
		9CB10F53211CB4DB00F59B73 /* detailsVC.swift */ = {isa = PBXFileReference; lastKnownFileType = sourcecode.swift; path = detailsVC.swift; sourceTree = "<group>"; };
		9CB10F55211CB78200F59B73 /* images */ = {isa = PBXFileReference; lastKnownFileType = folder; path = images; sourceTree = "<group>"; };
		9CB10F57211CC0F100F59B73 /* Simpson.swift */ = {isa = PBXFileReference; lastKnownFileType = sourcecode.swift; path = Simpson.swift; sourceTree = "<group>"; };
/* End PBXFileReference section */

/* Begin PBXFrameworksBuildPhase section */
		9CB10F1F211CB48200F59B73 /* Frameworks */ = {
			isa = PBXFrameworksBuildPhase;
			buildActionMask = 2147483647;
			files = (
			);
			runOnlyForDeploymentPostprocessing = 0;
		};
		9CB10F33211CB48300F59B73 /* Frameworks */ = {
			isa = PBXFrameworksBuildPhase;
			buildActionMask = 2147483647;
			files = (
			);
			runOnlyForDeploymentPostprocessing = 0;
		};
		9CB10F3E211CB48300F59B73 /* Frameworks */ = {
			isa = PBXFrameworksBuildPhase;
			buildActionMask = 2147483647;
			files = (
			);
			runOnlyForDeploymentPostprocessing = 0;
		};
/* End PBXFrameworksBuildPhase section */

/* Begin PBXGroup section */
		9CB10F19211CB48200F59B73 = {
			isa = PBXGroup;
			children = (
				9CB10F24211CB48200F59B73 /* simpsonBook */,
				9CB10F39211CB48300F59B73 /* simpsonBookTests */,
				9CB10F44211CB48300F59B73 /* simpsonBookUITests */,
				9CB10F23211CB48200F59B73 /* Products */,
			);
			sourceTree = "<group>";
		};
		9CB10F23211CB48200F59B73 /* Products */ = {
			isa = PBXGroup;
			children = (
				9CB10F22211CB48200F59B73 /* simpsonBook.app */,
				9CB10F36211CB48300F59B73 /* simpsonBookTests.xctest */,
				9CB10F41211CB48300F59B73 /* simpsonBookUITests.xctest */,
			);
			name = Products;
			sourceTree = "<group>";
		};
		9CB10F24211CB48200F59B73 /* simpsonBook */ = {
			isa = PBXGroup;
			children = (
				9CB10F55211CB78200F59B73 /* images */,
				9CB10F25211CB48200F59B73 /* AppDelegate.swift */,
				9CB10F27211CB48200F59B73 /* ViewController.swift */,
				9CB10F57211CC0F100F59B73 /* Simpson.swift */,
				9CB10F29211CB48200F59B73 /* Main.storyboard */,
				9CB10F53211CB4DB00F59B73 /* detailsVC.swift */,
				9CB10F2C211CB48300F59B73 /* Assets.xcassets */,
				9CB10F2E211CB48300F59B73 /* LaunchScreen.storyboard */,
				9CB10F31211CB48300F59B73 /* Info.plist */,
			);
			path = simpsonBook;
			sourceTree = "<group>";
		};
		9CB10F39211CB48300F59B73 /* simpsonBookTests */ = {
			isa = PBXGroup;
			children = (
				9CB10F3A211CB48300F59B73 /* simpsonBookTests.swift */,
				9CB10F3C211CB48300F59B73 /* Info.plist */,
			);
			path = simpsonBookTests;
			sourceTree = "<group>";
		};
		9CB10F44211CB48300F59B73 /* simpsonBookUITests */ = {
			isa = PBXGroup;
			children = (
				9CB10F45211CB48300F59B73 /* simpsonBookUITests.swift */,
				9CB10F47211CB48300F59B73 /* Info.plist */,
			);
			path = simpsonBookUITests;
			sourceTree = "<group>";
		};
/* End PBXGroup section */

/* Begin PBXNativeTarget section */
		9CB10F21211CB48200F59B73 /* simpsonBook */ = {
			isa = PBXNativeTarget;
			buildConfigurationList = 9CB10F4A211CB48300F59B73 /* Build configuration list for PBXNativeTarget "simpsonBook" */;
			buildPhases = (
				9CB10F1E211CB48200F59B73 /* Sources */,
				9CB10F1F211CB48200F59B73 /* Frameworks */,
				9CB10F20211CB48200F59B73 /* Resources */,
			);
			buildRules = (
			);
			dependencies = (
			);
			name = simpsonBook;
			productName = simpsonBook;
			productReference = 9CB10F22211CB48200F59B73 /* simpsonBook.app */;
			productType = "com.apple.product-type.application";
		};
		9CB10F35211CB48300F59B73 /* simpsonBookTests */ = {
			isa = PBXNativeTarget;
			buildConfigurationList = 9CB10F4D211CB48300F59B73 /* Build configuration list for PBXNativeTarget "simpsonBookTests" */;
			buildPhases = (
				9CB10F32211CB48300F59B73 /* Sources */,
				9CB10F33211CB48300F59B73 /* Frameworks */,
				9CB10F34211CB48300F59B73 /* Resources */,
			);
			buildRules = (
			);
			dependencies = (
				9CB10F38211CB48300F59B73 /* PBXTargetDependency */,
			);
			name = simpsonBookTests;
			productName = simpsonBookTests;
			productReference = 9CB10F36211CB48300F59B73 /* simpsonBookTests.xctest */;
			productType = "com.apple.product-type.bundle.unit-test";
		};
		9CB10F40211CB48300F59B73 /* simpsonBookUITests */ = {
			isa = PBXNativeTarget;
			buildConfigurationList = 9CB10F50211CB48300F59B73 /* Build configuration list for PBXNativeTarget "simpsonBookUITests" */;
			buildPhases = (
				9CB10F3D211CB48300F59B73 /* Sources */,
				9CB10F3E211CB48300F59B73 /* Frameworks */,
				9CB10F3F211CB48300F59B73 /* Resources */,
			);
			buildRules = (
			);
			dependencies = (
				9CB10F43211CB48300F59B73 /* PBXTargetDependency */,
			);
			name = simpsonBookUITests;
			productName = simpsonBookUITests;
			productReference = 9CB10F41211CB48300F59B73 /* simpsonBookUITests.xctest */;
			productType = "com.apple.product-type.bundle.ui-testing";
		};
/* End PBXNativeTarget section */

/* Begin PBXProject section */
		9CB10F1A211CB48200F59B73 /* Project object */ = {
			isa = PBXProject;
			attributes = {
				LastSwiftUpdateCheck = 0940;
				LastUpgradeCheck = 0940;
				ORGANIZATIONNAME = "Caner Uçar";
				TargetAttributes = {
					9CB10F21211CB48200F59B73 = {
						CreatedOnToolsVersion = 9.4.1;
					};
					9CB10F35211CB48300F59B73 = {
						CreatedOnToolsVersion = 9.4.1;
						TestTargetID = 9CB10F21211CB48200F59B73;
					};
					9CB10F40211CB48300F59B73 = {
						CreatedOnToolsVersion = 9.4.1;
						TestTargetID = 9CB10F21211CB48200F59B73;
					};
				};
			};
			buildConfigurationList = 9CB10F1D211CB48200F59B73 /* Build configuration list for PBXProject "simpsonBook" */;
			compatibilityVersion = "Xcode 9.3";
			developmentRegion = en;
			hasScannedForEncodings = 0;
			knownRegions = (
				en,
				Base,
			);
			mainGroup = 9CB10F19211CB48200F59B73;
			productRefGroup = 9CB10F23211CB48200F59B73 /* Products */;
			projectDirPath = "";
			projectRoot = "";
			targets = (
				9CB10F21211CB48200F59B73 /* simpsonBook */,
				9CB10F35211CB48300F59B73 /* simpsonBookTests */,
				9CB10F40211CB48300F59B73 /* simpsonBookUITests */,
			);
		};
/* End PBXProject section */

/* Begin PBXResourcesBuildPhase section */
		9CB10F20211CB48200F59B73 /* Resources */ = {
			isa = PBXResourcesBuildPhase;
			buildActionMask = 2147483647;
			files = (
				9CB10F56211CB78200F59B73 /* images in Resources */,
				9CB10F30211CB48300F59B73 /* LaunchScreen.storyboard in Resources */,
				9CB10F2D211CB48300F59B73 /* Assets.xcassets in Resources */,
				9CB10F2B211CB48200F59B73 /* Main.storyboard in Resources */,
			);
			runOnlyForDeploymentPostprocessing = 0;
		};
		9CB10F34211CB48300F59B73 /* Resources */ = {
			isa = PBXResourcesBuildPhase;
			buildActionMask = 2147483647;
			files = (
			);
			runOnlyForDeploymentPostprocessing = 0;
		};
		9CB10F3F211CB48300F59B73 /* Resources */ = {
			isa = PBXResourcesBuildPhase;
			buildActionMask = 2147483647;
			files = (
			);
			runOnlyForDeploymentPostprocessing = 0;
		};
/* End PBXResourcesBuildPhase section */

/* Begin PBXSourcesBuildPhase section */
		9CB10F1E211CB48200F59B73 /* Sources */ = {
			isa = PBXSourcesBuildPhase;
			buildActionMask = 2147483647;
			files = (
				9CB10F28211CB48200F59B73 /* ViewController.swift in Sources */,
				9CB10F58211CC0F100F59B73 /* Simpson.swift in Sources */,
				9CB10F54211CB4DB00F59B73 /* detailsVC.swift in Sources */,
				9CB10F26211CB48200F59B73 /* AppDelegate.swift in Sources */,
			);
			runOnlyForDeploymentPostprocessing = 0;
		};
		9CB10F32211CB48300F59B73 /* Sources */ = {
			isa = PBXSourcesBuildPhase;
			buildActionMask = 2147483647;
			files = (
				9CB10F3B211CB48300F59B73 /* simpsonBookTests.swift in Sources */,
			);
			runOnlyForDeploymentPostprocessing = 0;
		};
		9CB10F3D211CB48300F59B73 /* Sources */ = {
			isa = PBXSourcesBuildPhase;
			buildActionMask = 2147483647;
			files = (
				9CB10F46211CB48300F59B73 /* simpsonBookUITests.swift in Sources */,
			);
			runOnlyForDeploymentPostprocessing = 0;
		};
/* End PBXSourcesBuildPhase section */

/* Begin PBXTargetDependency section */
		9CB10F38211CB48300F59B73 /* PBXTargetDependency */ = {
			isa = PBXTargetDependency;
			target = 9CB10F21211CB48200F59B73 /* simpsonBook */;
			targetProxy = 9CB10F37211CB48300F59B73 /* PBXContainerItemProxy */;
		};
		9CB10F43211CB48300F59B73 /* PBXTargetDependency */ = {
			isa = PBXTargetDependency;
			target = 9CB10F21211CB48200F59B73 /* simpsonBook */;
			targetProxy = 9CB10F42211CB48300F59B73 /* PBXContainerItemProxy */;
		};
/* End PBXTargetDependency section */

/* Begin PBXVariantGroup section */
		9CB10F29211CB48200F59B73 /* Main.storyboard */ = {
			isa = PBXVariantGroup;
			children = (
				9CB10F2A211CB48200F59B73 /* Base */,
			);
			name = Main.storyboard;
			sourceTree = "<group>";
		};
		9CB10F2E211CB48300F59B73 /* LaunchScreen.storyboard */ = {
			isa = PBXVariantGroup;
			children = (
				9CB10F2F211CB48300F59B73 /* Base */,
			);
			name = LaunchScreen.storyboard;
			sourceTree = "<group>";
		};
/* End PBXVariantGroup section */

/* Begin XCBuildConfiguration section */
		9CB10F48211CB48300F59B73 /* Debug */ = {
			isa = XCBuildConfiguration;
			buildSettings = {
				ALWAYS_SEARCH_USER_PATHS = NO;
				CLANG_ANALYZER_NONNULL = YES;
				CLANG_ANALYZER_NUMBER_OBJECT_CONVERSION = YES_AGGRESSIVE;
				CLANG_CXX_LANGUAGE_STANDARD = "gnu++14";
				CLANG_CXX_LIBRARY = "libc++";
				CLANG_ENABLE_MODULES = YES;
				CLANG_ENABLE_OBJC_ARC = YES;
				CLANG_ENABLE_OBJC_WEAK = YES;
				CLANG_WARN_BLOCK_CAPTURE_AUTORELEASING = YES;
				CLANG_WARN_BOOL_CONVERSION = YES;
				CLANG_WARN_COMMA = YES;
				CLANG_WARN_CONSTANT_CONVERSION = YES;
				CLANG_WARN_DEPRECATED_OBJC_IMPLEMENTATIONS = YES;
				CLANG_WARN_DIRECT_OBJC_ISA_USAGE = YES_ERROR;
				CLANG_WARN_DOCUMENTATION_COMMENTS = YES;
				CLANG_WARN_EMPTY_BODY = YES;
				CLANG_WARN_ENUM_CONVERSION = YES;
				CLANG_WARN_INFINITE_RECURSION = YES;
				CLANG_WARN_INT_CONVERSION = YES;
				CLANG_WARN_NON_LITERAL_NULL_CONVERSION = YES;
				CLANG_WARN_OBJC_IMPLICIT_RETAIN_SELF = YES;
				CLANG_WARN_OBJC_LITERAL_CONVERSION = YES;
				CLANG_WARN_OBJC_ROOT_CLASS = YES_ERROR;
				CLANG_WARN_RANGE_LOOP_ANALYSIS = YES;
				CLANG_WARN_STRICT_PROTOTYPES = YES;
				CLANG_WARN_SUSPICIOUS_MOVE = YES;
				CLANG_WARN_UNGUARDED_AVAILABILITY = YES_AGGRESSIVE;
				CLANG_WARN_UNREACHABLE_CODE = YES;
				CLANG_WARN__DUPLICATE_METHOD_MATCH = YES;
				CODE_SIGN_IDENTITY = "iPhone Developer";
				COPY_PHASE_STRIP = NO;
				DEBUG_INFORMATION_FORMAT = dwarf;
				ENABLE_STRICT_OBJC_MSGSEND = YES;
				ENABLE_TESTABILITY = YES;
				GCC_C_LANGUAGE_STANDARD = gnu11;
				GCC_DYNAMIC_NO_PIC = NO;
				GCC_NO_COMMON_BLOCKS = YES;
				GCC_OPTIMIZATION_LEVEL = 0;
				GCC_PREPROCESSOR_DEFINITIONS = (
					"DEBUG=1",
					"$(inherited)",
				);
				GCC_WARN_64_TO_32_BIT_CONVERSION = YES;
				GCC_WARN_ABOUT_RETURN_TYPE = YES_ERROR;
				GCC_WARN_UNDECLARED_SELECTOR = YES;
				GCC_WARN_UNINITIALIZED_AUTOS = YES_AGGRESSIVE;
				GCC_WARN_UNUSED_FUNCTION = YES;
				GCC_WARN_UNUSED_VARIABLE = YES;
				IPHONEOS_DEPLOYMENT_TARGET = 11.4;
				MTL_ENABLE_DEBUG_INFO = YES;
				ONLY_ACTIVE_ARCH = YES;
				SDKROOT = iphoneos;
				SWIFT_ACTIVE_COMPILATION_CONDITIONS = DEBUG;
				SWIFT_OPTIMIZATION_LEVEL = "-Onone";
			};
			name = Debug;
		};
		9CB10F49211CB48300F59B73 /* Release */ = {
			isa = XCBuildConfiguration;
			buildSettings = {
				ALWAYS_SEARCH_USER_PATHS = NO;
				CLANG_ANALYZER_NONNULL = YES;
				CLANG_ANALYZER_NUMBER_OBJECT_CONVERSION = YES_AGGRESSIVE;
				CLANG_CXX_LANGUAGE_STANDARD = "gnu++14";
				CLANG_CXX_LIBRARY = "libc++";
				CLANG_ENABLE_MODULES = YES;
				CLANG_ENABLE_OBJC_ARC = YES;
				CLANG_ENABLE_OBJC_WEAK = YES;
				CLANG_WARN_BLOCK_CAPTURE_AUTORELEASING = YES;
				CLANG_WARN_BOOL_CONVERSION = YES;
				CLANG_WARN_COMMA = YES;
				CLANG_WARN_CONSTANT_CONVERSION = YES;
				CLANG_WARN_DEPRECATED_OBJC_IMPLEMENTATIONS = YES;
				CLANG_WARN_DIRECT_OBJC_ISA_USAGE = YES_ERROR;
				CLANG_WARN_DOCUMENTATION_COMMENTS = YES;
				CLANG_WARN_EMPTY_BODY = YES;
				CLANG_WARN_ENUM_CONVERSION = YES;
				CLANG_WARN_INFINITE_RECURSION = YES;
				CLANG_WARN_INT_CONVERSION = YES;
				CLANG_WARN_NON_LITERAL_NULL_CONVERSION = YES;
				CLANG_WARN_OBJC_IMPLICIT_RETAIN_SELF = YES;
				CLANG_WARN_OBJC_LITERAL_CONVERSION = YES;
				CLANG_WARN_OBJC_ROOT_CLASS = YES_ERROR;
				CLANG_WARN_RANGE_LOOP_ANALYSIS = YES;
				CLANG_WARN_STRICT_PROTOTYPES = YES;
				CLANG_WARN_SUSPICIOUS_MOVE = YES;
				CLANG_WARN_UNGUARDED_AVAILABILITY = YES_AGGRESSIVE;
				CLANG_WARN_UNREACHABLE_CODE = YES;
				CLANG_WARN__DUPLICATE_METHOD_MATCH = YES;
				CODE_SIGN_IDENTITY = "iPhone Developer";
				COPY_PHASE_STRIP = NO;
				DEBUG_INFORMATION_FORMAT = "dwarf-with-dsym";
				ENABLE_NS_ASSERTIONS = NO;
				ENABLE_STRICT_OBJC_MSGSEND = YES;
				GCC_C_LANGUAGE_STANDARD = gnu11;
				GCC_NO_COMMON_BLOCKS = YES;
				GCC_WARN_64_TO_32_BIT_CONVERSION = YES;
				GCC_WARN_ABOUT_RETURN_TYPE = YES_ERROR;
				GCC_WARN_UNDECLARED_SELECTOR = YES;
				GCC_WARN_UNINITIALIZED_AUTOS = YES_AGGRESSIVE;
				GCC_WARN_UNUSED_FUNCTION = YES;
				GCC_WARN_UNUSED_VARIABLE = YES;
				IPHONEOS_DEPLOYMENT_TARGET = 11.4;
				MTL_ENABLE_DEBUG_INFO = NO;
				SDKROOT = iphoneos;
				SWIFT_COMPILATION_MODE = wholemodule;
				SWIFT_OPTIMIZATION_LEVEL = "-O";
				VALIDATE_PRODUCT = YES;
			};
			name = Release;
		};
		9CB10F4B211CB48300F59B73 /* Debug */ = {
			isa = XCBuildConfiguration;
			buildSettings = {
				ASSETCATALOG_COMPILER_APPICON_NAME = AppIcon;
				CODE_SIGN_STYLE = Automatic;
				DEVELOPMENT_TEAM = DNQRAL589Q;
				INFOPLIST_FILE = simpsonBook/Info.plist;
				IPHONEOS_DEPLOYMENT_TARGET = 10.3;
				LD_RUNPATH_SEARCH_PATHS = (
					"$(inherited)",
					"@executable_path/Frameworks",
				);
				PRODUCT_BUNDLE_IDENTIFIER = com.canerucar.simpsonBook;
				PRODUCT_NAME = "$(TARGET_NAME)";
				SWIFT_VERSION = 4.0;
				TARGETED_DEVICE_FAMILY = "1,2";
			};
			name = Debug;
		};
		9CB10F4C211CB48300F59B73 /* Release */ = {
			isa = XCBuildConfiguration;
			buildSettings = {
				ASSETCATALOG_COMPILER_APPICON_NAME = AppIcon;
				CODE_SIGN_STYLE = Automatic;
				DEVELOPMENT_TEAM = DNQRAL589Q;
				INFOPLIST_FILE = simpsonBook/Info.plist;
				IPHONEOS_DEPLOYMENT_TARGET = 10.3;
				LD_RUNPATH_SEARCH_PATHS = (
					"$(inherited)",
					"@executable_path/Frameworks",
				);
				PRODUCT_BUNDLE_IDENTIFIER = com.canerucar.simpsonBook;
				PRODUCT_NAME = "$(TARGET_NAME)";
				SWIFT_VERSION = 4.0;
				TARGETED_DEVICE_FAMILY = "1,2";
			};
			name = Release;
		};
		9CB10F4E211CB48300F59B73 /* Debug */ = {
			isa = XCBuildConfiguration;
			buildSettings = {
				ALWAYS_EMBED_SWIFT_STANDARD_LIBRARIES = YES;
				BUNDLE_LOADER = "$(TEST_HOST)";
				CODE_SIGN_STYLE = Automatic;
				DEVELOPMENT_TEAM = DNQRAL589Q;
				INFOPLIST_FILE = simpsonBookTests/Info.plist;
				LD_RUNPATH_SEARCH_PATHS = (
					"$(inherited)",
					"@executable_path/Frameworks",
					"@loader_path/Frameworks",
				);
				PRODUCT_BUNDLE_IDENTIFIER = com.canerucar.simpsonBookTests;
				PRODUCT_NAME = "$(TARGET_NAME)";
				SWIFT_VERSION = 4.0;
				TARGETED_DEVICE_FAMILY = "1,2";
				TEST_HOST = "$(BUILT_PRODUCTS_DIR)/simpsonBook.app/simpsonBook";
			};
			name = Debug;
		};
		9CB10F4F211CB48300F59B73 /* Release */ = {
			isa = XCBuildConfiguration;
			buildSettings = {
				ALWAYS_EMBED_SWIFT_STANDARD_LIBRARIES = YES;
				BUNDLE_LOADER = "$(TEST_HOST)";
				CODE_SIGN_STYLE = Automatic;
				DEVELOPMENT_TEAM = DNQRAL589Q;
				INFOPLIST_FILE = simpsonBookTests/Info.plist;
				LD_RUNPATH_SEARCH_PATHS = (
					"$(inherited)",
					"@executable_path/Frameworks",
					"@loader_path/Frameworks",
				);
				PRODUCT_BUNDLE_IDENTIFIER = com.canerucar.simpsonBookTests;
				PRODUCT_NAME = "$(TARGET_NAME)";
				SWIFT_VERSION = 4.0;
				TARGETED_DEVICE_FAMILY = "1,2";
				TEST_HOST = "$(BUILT_PRODUCTS_DIR)/simpsonBook.app/simpsonBook";
			};
			name = Release;
		};
		9CB10F51211CB48300F59B73 /* Debug */ = {
			isa = XCBuildConfiguration;
			buildSettings = {
				ALWAYS_EMBED_SWIFT_STANDARD_LIBRARIES = YES;
				CODE_SIGN_STYLE = Automatic;
				DEVELOPMENT_TEAM = DNQRAL589Q;
				INFOPLIST_FILE = simpsonBookUITests/Info.plist;
				LD_RUNPATH_SEARCH_PATHS = (
					"$(inherited)",
					"@executable_path/Frameworks",
					"@loader_path/Frameworks",
				);
				PRODUCT_BUNDLE_IDENTIFIER = com.canerucar.simpsonBookUITests;
				PRODUCT_NAME = "$(TARGET_NAME)";
				SWIFT_VERSION = 4.0;
				TARGETED_DEVICE_FAMILY = "1,2";
				TEST_TARGET_NAME = simpsonBook;
			};
			name = Debug;
		};
		9CB10F52211CB48300F59B73 /* Release */ = {
			isa = XCBuildConfiguration;
			buildSettings = {
				ALWAYS_EMBED_SWIFT_STANDARD_LIBRARIES = YES;
				CODE_SIGN_STYLE = Automatic;
				DEVELOPMENT_TEAM = DNQRAL589Q;
				INFOPLIST_FILE = simpsonBookUITests/Info.plist;
				LD_RUNPATH_SEARCH_PATHS = (
					"$(inherited)",
					"@executable_path/Frameworks",
					"@loader_path/Frameworks",
				);
				PRODUCT_BUNDLE_IDENTIFIER = com.canerucar.simpsonBookUITests;
				PRODUCT_NAME = "$(TARGET_NAME)";
				SWIFT_VERSION = 4.0;
				TARGETED_DEVICE_FAMILY = "1,2";
				TEST_TARGET_NAME = simpsonBook;
			};
			name = Release;
		};
/* End XCBuildConfiguration section */

/* Begin XCConfigurationList section */
		9CB10F1D211CB48200F59B73 /* Build configuration list for PBXProject "simpsonBook" */ = {
			isa = XCConfigurationList;
			buildConfigurations = (
				9CB10F48211CB48300F59B73 /* Debug */,
				9CB10F49211CB48300F59B73 /* Release */,
			);
			defaultConfigurationIsVisible = 0;
			defaultConfigurationName = Release;
		};
		9CB10F4A211CB48300F59B73 /* Build configuration list for PBXNativeTarget "simpsonBook" */ = {
			isa = XCConfigurationList;
			buildConfigurations = (
				9CB10F4B211CB48300F59B73 /* Debug */,
				9CB10F4C211CB48300F59B73 /* Release */,
			);
			defaultConfigurationIsVisible = 0;
			defaultConfigurationName = Release;
		};
		9CB10F4D211CB48300F59B73 /* Build configuration list for PBXNativeTarget "simpsonBookTests" */ = {
			isa = XCConfigurationList;
			buildConfigurations = (
				9CB10F4E211CB48300F59B73 /* Debug */,
				9CB10F4F211CB48300F59B73 /* Release */,
			);
			defaultConfigurationIsVisible = 0;
			defaultConfigurationName = Release;
		};
		9CB10F50211CB48300F59B73 /* Build configuration list for PBXNativeTarget "simpsonBookUITests" */ = {
			isa = XCConfigurationList;
			buildConfigurations = (
				9CB10F51211CB48300F59B73 /* Debug */,
				9CB10F52211CB48300F59B73 /* Release */,
			);
			defaultConfigurationIsVisible = 0;
			defaultConfigurationName = Release;
		};
/* End XCConfigurationList section */
	};
	rootObject = 9CB10F1A211CB48200F59B73 /* Project object */;
}
