// !$*UTF8*$!
{
	archiveVersion = 1;
	classes = {
	};
	objectVersion = 50;
	objects = {

/* Begin PBXBuildFile section */
		9CC7A91423858F92008D4BEA /* AppDelegate.swift in Sources */ = {isa = PBXBuildFile; fileRef = 9CC7A91323858F92008D4BEA /* AppDelegate.swift */; };
		9CC7A91823858F92008D4BEA /* ViewController.swift in Sources */ = {isa = PBXBuildFile; fileRef = 9CC7A91723858F92008D4BEA /* ViewController.swift */; };
		9CC7A91B23858F92008D4BEA /* Main.storyboard in Resources */ = {isa = PBXBuildFile; fileRef = 9CC7A91923858F92008D4BEA /* Main.storyboard */; };
		9CC7A91D23858F93008D4BEA /* Assets.xcassets in Resources */ = {isa = PBXBuildFile; fileRef = 9CC7A91C23858F93008D4BEA /* Assets.xcassets */; };
		9CC7A92023858F93008D4BEA /* LaunchScreen.storyboard in Resources */ = {isa = PBXBuildFile; fileRef = 9CC7A91E23858F93008D4BEA /* LaunchScreen.storyboard */; };
		9CC7A92923859072008D4BEA /* TableViewCell.swift in Sources */ = {isa = PBXBuildFile; fileRef = 9CC7A92723859072008D4BEA /* TableViewCell.swift */; };
		9CC7A92A23859072008D4BEA /* TableViewCell.xib in Resources */ = {isa = PBXBuildFile; fileRef = 9CC7A92823859072008D4BEA /* TableViewCell.xib */; };
		9CC7A92F2385977D008D4BEA /* DetailVC.swift in Sources */ = {isa = PBXBuildFile; fileRef = 9CC7A92D2385977D008D4BEA /* DetailVC.swift */; };
		9CC7A9302385977D008D4BEA /* DetailVC.xib in Resources */ = {isa = PBXBuildFile; fileRef = 9CC7A92E2385977D008D4BEA /* DetailVC.xib */; };
/* End PBXBuildFile section */

/* Begin PBXFileReference section */
		9CC7A91023858F92008D4BEA /* TableViewPractice.app */ = {isa = PBXFileReference; explicitFileType = wrapper.application; includeInIndex = 0; path = TableViewPractice.app; sourceTree = BUILT_PRODUCTS_DIR; };
		9CC7A91323858F92008D4BEA /* AppDelegate.swift */ = {isa = PBXFileReference; lastKnownFileType = sourcecode.swift; path = AppDelegate.swift; sourceTree = "<group>"; };
		9CC7A91723858F92008D4BEA /* ViewController.swift */ = {isa = PBXFileReference; lastKnownFileType = sourcecode.swift; path = ViewController.swift; sourceTree = "<group>"; };
		9CC7A91A23858F92008D4BEA /* Base */ = {isa = PBXFileReference; lastKnownFileType = file.storyboard; name = Base; path = Base.lproj/Main.storyboard; sourceTree = "<group>"; };
		9CC7A91C23858F93008D4BEA /* Assets.xcassets */ = {isa = PBXFileReference; lastKnownFileType = folder.assetcatalog; path = Assets.xcassets; sourceTree = "<group>"; };
		9CC7A91F23858F93008D4BEA /* Base */ = {isa = PBXFileReference; lastKnownFileType = file.storyboard; name = Base; path = Base.lproj/LaunchScreen.storyboard; sourceTree = "<group>"; };
		9CC7A92123858F93008D4BEA /* Info.plist */ = {isa = PBXFileReference; lastKnownFileType = text.plist.xml; path = Info.plist; sourceTree = "<group>"; };
		9CC7A92723859072008D4BEA /* TableViewCell.swift */ = {isa = PBXFileReference; lastKnownFileType = sourcecode.swift; path = TableViewCell.swift; sourceTree = "<group>"; };
		9CC7A92823859072008D4BEA /* TableViewCell.xib */ = {isa = PBXFileReference; lastKnownFileType = file.xib; path = TableViewCell.xib; sourceTree = "<group>"; };
		9CC7A92D2385977D008D4BEA /* DetailVC.swift */ = {isa = PBXFileReference; lastKnownFileType = sourcecode.swift; path = DetailVC.swift; sourceTree = "<group>"; };
		9CC7A92E2385977D008D4BEA /* DetailVC.xib */ = {isa = PBXFileReference; lastKnownFileType = file.xib; path = DetailVC.xib; sourceTree = "<group>"; };
/* End PBXFileReference section */

/* Begin PBXFrameworksBuildPhase section */
		9CC7A90D23858F92008D4BEA /* Frameworks */ = {
			isa = PBXFrameworksBuildPhase;
			buildActionMask = 2147483647;
			files = (
			);
			runOnlyForDeploymentPostprocessing = 0;
		};
/* End PBXFrameworksBuildPhase section */

/* Begin PBXGroup section */
		9CC7A90723858F92008D4BEA = {
			isa = PBXGroup;
			children = (
				9CC7A91223858F92008D4BEA /* TableViewPractice */,
				9CC7A91123858F92008D4BEA /* Products */,
			);
			sourceTree = "<group>";
		};
		9CC7A91123858F92008D4BEA /* Products */ = {
			isa = PBXGroup;
			children = (
				9CC7A91023858F92008D4BEA /* TableViewPractice.app */,
			);
			name = Products;
			sourceTree = "<group>";
		};
		9CC7A91223858F92008D4BEA /* TableViewPractice */ = {
			isa = PBXGroup;
			children = (
				9CC7A92C23859750008D4BEA /* DetailVC */,
				9CC7A92B2385907B008D4BEA /* TableViewCell */,
				9CC7A91323858F92008D4BEA /* AppDelegate.swift */,
				9CC7A91723858F92008D4BEA /* ViewController.swift */,
				9CC7A91923858F92008D4BEA /* Main.storyboard */,
				9CC7A91C23858F93008D4BEA /* Assets.xcassets */,
				9CC7A91E23858F93008D4BEA /* LaunchScreen.storyboard */,
				9CC7A92123858F93008D4BEA /* Info.plist */,
			);
			path = TableViewPractice;
			sourceTree = "<group>";
		};
		9CC7A92B2385907B008D4BEA /* TableViewCell */ = {
			isa = PBXGroup;
			children = (
				9CC7A92723859072008D4BEA /* TableViewCell.swift */,
				9CC7A92823859072008D4BEA /* TableViewCell.xib */,
			);
			path = TableViewCell;
			sourceTree = "<group>";
		};
		9CC7A92C23859750008D4BEA /* DetailVC */ = {
			isa = PBXGroup;
			children = (
				9CC7A92D2385977D008D4BEA /* DetailVC.swift */,
				9CC7A92E2385977D008D4BEA /* DetailVC.xib */,
			);
			path = DetailVC;
			sourceTree = "<group>";
		};
/* End PBXGroup section */

/* Begin PBXNativeTarget section */
		9CC7A90F23858F92008D4BEA /* TableViewPractice */ = {
			isa = PBXNativeTarget;
			buildConfigurationList = 9CC7A92423858F93008D4BEA /* Build configuration list for PBXNativeTarget "TableViewPractice" */;
			buildPhases = (
				9CC7A90C23858F92008D4BEA /* Sources */,
				9CC7A90D23858F92008D4BEA /* Frameworks */,
				9CC7A90E23858F92008D4BEA /* Resources */,
			);
			buildRules = (
			);
			dependencies = (
			);
			name = TableViewPractice;
			productName = TableViewPractice;
			productReference = 9CC7A91023858F92008D4BEA /* TableViewPractice.app */;
			productType = "com.apple.product-type.application";
		};
/* End PBXNativeTarget section */

/* Begin PBXProject section */
		9CC7A90823858F92008D4BEA /* Project object */ = {
			isa = PBXProject;
			attributes = {
				LastSwiftUpdateCheck = 1120;
				LastUpgradeCheck = 1120;
				ORGANIZATIONNAME = "Caner Uçar";
				TargetAttributes = {
					9CC7A90F23858F92008D4BEA = {
						CreatedOnToolsVersion = 11.2;
					};
				};
			};
			buildConfigurationList = 9CC7A90B23858F92008D4BEA /* Build configuration list for PBXProject "TableViewPractice" */;
			compatibilityVersion = "Xcode 9.3";
			developmentRegion = en;
			hasScannedForEncodings = 0;
			knownRegions = (
				en,
				Base,
			);
			mainGroup = 9CC7A90723858F92008D4BEA;
			productRefGroup = 9CC7A91123858F92008D4BEA /* Products */;
			projectDirPath = "";
			projectRoot = "";
			targets = (
				9CC7A90F23858F92008D4BEA /* TableViewPractice */,
			);
		};
/* End PBXProject section */

/* Begin PBXResourcesBuildPhase section */
		9CC7A90E23858F92008D4BEA /* Resources */ = {
			isa = PBXResourcesBuildPhase;
			buildActionMask = 2147483647;
			files = (
				9CC7A92023858F93008D4BEA /* LaunchScreen.storyboard in Resources */,
				9CC7A92A23859072008D4BEA /* TableViewCell.xib in Resources */,
				9CC7A91D23858F93008D4BEA /* Assets.xcassets in Resources */,
				9CC7A91B23858F92008D4BEA /* Main.storyboard in Resources */,
				9CC7A9302385977D008D4BEA /* DetailVC.xib in Resources */,
			);
			runOnlyForDeploymentPostprocessing = 0;
		};
/* End PBXResourcesBuildPhase section */

/* Begin PBXSourcesBuildPhase section */
		9CC7A90C23858F92008D4BEA /* Sources */ = {
			isa = PBXSourcesBuildPhase;
			buildActionMask = 2147483647;
			files = (
				9CC7A92923859072008D4BEA /* TableViewCell.swift in Sources */,
				9CC7A92F2385977D008D4BEA /* DetailVC.swift in Sources */,
				9CC7A91823858F92008D4BEA /* ViewController.swift in Sources */,
				9CC7A91423858F92008D4BEA /* AppDelegate.swift in Sources */,
			);
			runOnlyForDeploymentPostprocessing = 0;
		};
/* End PBXSourcesBuildPhase section */

/* Begin PBXVariantGroup section */
		9CC7A91923858F92008D4BEA /* Main.storyboard */ = {
			isa = PBXVariantGroup;
			children = (
				9CC7A91A23858F92008D4BEA /* Base */,
			);
			name = Main.storyboard;
			sourceTree = "<group>";
		};
		9CC7A91E23858F93008D4BEA /* LaunchScreen.storyboard */ = {
			isa = PBXVariantGroup;
			children = (
				9CC7A91F23858F93008D4BEA /* Base */,
			);
			name = LaunchScreen.storyboard;
			sourceTree = "<group>";
		};
/* End PBXVariantGroup section */

/* Begin XCBuildConfiguration section */
		9CC7A92223858F93008D4BEA /* Debug */ = {
			isa = XCBuildConfiguration;
			buildSettings = {
				ALWAYS_SEARCH_USER_PATHS = NO;
				CLANG_ANALYZER_NONNULL = YES;
				CLANG_ANALYZER_NUMBER_OBJECT_CONVERSION = YES_AGGRESSIVE;
				CLANG_CXX_LANGUAGE_STANDARD = "gnu++14";
				CLANG_CXX_LIBRARY = "libc++";
				CLANG_ENABLE_MODULES = YES;
				CLANG_ENABLE_OBJC_ARC = YES;
				CLANG_ENABLE_OBJC_WEAK = YES;
				CLANG_WARN_BLOCK_CAPTURE_AUTORELEASING = YES;
				CLANG_WARN_BOOL_CONVERSION = YES;
				CLANG_WARN_COMMA = YES;
				CLANG_WARN_CONSTANT_CONVERSION = YES;
				CLANG_WARN_DEPRECATED_OBJC_IMPLEMENTATIONS = YES;
				CLANG_WARN_DIRECT_OBJC_ISA_USAGE = YES_ERROR;
				CLANG_WARN_DOCUMENTATION_COMMENTS = YES;
				CLANG_WARN_EMPTY_BODY = YES;
				CLANG_WARN_ENUM_CONVERSION = YES;
				CLANG_WARN_INFINITE_RECURSION = YES;
				CLANG_WARN_INT_CONVERSION = YES;
				CLANG_WARN_NON_LITERAL_NULL_CONVERSION = YES;
				CLANG_WARN_OBJC_IMPLICIT_RETAIN_SELF = YES;
				CLANG_WARN_OBJC_LITERAL_CONVERSION = YES;
				CLANG_WARN_OBJC_ROOT_CLASS = YES_ERROR;
				CLANG_WARN_RANGE_LOOP_ANALYSIS = YES;
				CLANG_WARN_STRICT_PROTOTYPES = YES;
				CLANG_WARN_SUSPICIOUS_MOVE = YES;
				CLANG_WARN_UNGUARDED_AVAILABILITY = YES_AGGRESSIVE;
				CLANG_WARN_UNREACHABLE_CODE = YES;
				CLANG_WARN__DUPLICATE_METHOD_MATCH = YES;
				COPY_PHASE_STRIP = NO;
				DEBUG_INFORMATION_FORMAT = dwarf;
				ENABLE_STRICT_OBJC_MSGSEND = YES;
				ENABLE_TESTABILITY = YES;
				GCC_C_LANGUAGE_STANDARD = gnu11;
				GCC_DYNAMIC_NO_PIC = NO;
				GCC_NO_COMMON_BLOCKS = YES;
				GCC_OPTIMIZATION_LEVEL = 0;
				GCC_PREPROCESSOR_DEFINITIONS = (
					"DEBUG=1",
					"$(inherited)",
				);
				GCC_WARN_64_TO_32_BIT_CONVERSION = YES;
				GCC_WARN_ABOUT_RETURN_TYPE = YES_ERROR;
				GCC_WARN_UNDECLARED_SELECTOR = YES;
				GCC_WARN_UNINITIALIZED_AUTOS = YES_AGGRESSIVE;
				GCC_WARN_UNUSED_FUNCTION = YES;
				GCC_WARN_UNUSED_VARIABLE = YES;
				IPHONEOS_DEPLOYMENT_TARGET = 12.0;
				MTL_ENABLE_DEBUG_INFO = INCLUDE_SOURCE;
				MTL_FAST_MATH = YES;
				ONLY_ACTIVE_ARCH = YES;
				SDKROOT = iphoneos;
				SWIFT_ACTIVE_COMPILATION_CONDITIONS = DEBUG;
				SWIFT_OPTIMIZATION_LEVEL = "-Onone";
			};
			name = Debug;
		};
		9CC7A92323858F93008D4BEA /* Release */ = {
			isa = XCBuildConfiguration;
			buildSettings = {
				ALWAYS_SEARCH_USER_PATHS = NO;
				CLANG_ANALYZER_NONNULL = YES;
				CLANG_ANALYZER_NUMBER_OBJECT_CONVERSION = YES_AGGRESSIVE;
				CLANG_CXX_LANGUAGE_STANDARD = "gnu++14";
				CLANG_CXX_LIBRARY = "libc++";
				CLANG_ENABLE_MODULES = YES;
				CLANG_ENABLE_OBJC_ARC = YES;
				CLANG_ENABLE_OBJC_WEAK = YES;
				CLANG_WARN_BLOCK_CAPTURE_AUTORELEASING = YES;
				CLANG_WARN_BOOL_CONVERSION = YES;
				CLANG_WARN_COMMA = YES;
				CLANG_WARN_CONSTANT_CONVERSION = YES;
				CLANG_WARN_DEPRECATED_OBJC_IMPLEMENTATIONS = YES;
				CLANG_WARN_DIRECT_OBJC_ISA_USAGE = YES_ERROR;
				CLANG_WARN_DOCUMENTATION_COMMENTS = YES;
				CLANG_WARN_EMPTY_BODY = YES;
				CLANG_WARN_ENUM_CONVERSION = YES;
				CLANG_WARN_INFINITE_RECURSION = YES;
				CLANG_WARN_INT_CONVERSION = YES;
				CLANG_WARN_NON_LITERAL_NULL_CONVERSION = YES;
				CLANG_WARN_OBJC_IMPLICIT_RETAIN_SELF = YES;
				CLANG_WARN_OBJC_LITERAL_CONVERSION = YES;
				CLANG_WARN_OBJC_ROOT_CLASS = YES_ERROR;
				CLANG_WARN_RANGE_LOOP_ANALYSIS = YES;
				CLANG_WARN_STRICT_PROTOTYPES = YES;
				CLANG_WARN_SUSPICIOUS_MOVE = YES;
				CLANG_WARN_UNGUARDED_AVAILABILITY = YES_AGGRESSIVE;
				CLANG_WARN_UNREACHABLE_CODE = YES;
				CLANG_WARN__DUPLICATE_METHOD_MATCH = YES;
				COPY_PHASE_STRIP = NO;
				DEBUG_INFORMATION_FORMAT = "dwarf-with-dsym";
				ENABLE_NS_ASSERTIONS = NO;
				ENABLE_STRICT_OBJC_MSGSEND = YES;
				GCC_C_LANGUAGE_STANDARD = gnu11;
				GCC_NO_COMMON_BLOCKS = YES;
				GCC_WARN_64_TO_32_BIT_CONVERSION = YES;
				GCC_WARN_ABOUT_RETURN_TYPE = YES_ERROR;
				GCC_WARN_UNDECLARED_SELECTOR = YES;
				GCC_WARN_UNINITIALIZED_AUTOS = YES_AGGRESSIVE;
				GCC_WARN_UNUSED_FUNCTION = YES;
				GCC_WARN_UNUSED_VARIABLE = YES;
				IPHONEOS_DEPLOYMENT_TARGET = 12.0;
				MTL_ENABLE_DEBUG_INFO = NO;
				MTL_FAST_MATH = YES;
				SDKROOT = iphoneos;
				SWIFT_COMPILATION_MODE = wholemodule;
				SWIFT_OPTIMIZATION_LEVEL = "-O";
				VALIDATE_PRODUCT = YES;
			};
			name = Release;
		};
		9CC7A92523858F93008D4BEA /* Debug */ = {
			isa = XCBuildConfiguration;
			buildSettings = {
				ASSETCATALOG_COMPILER_APPICON_NAME = AppIcon;
				CODE_SIGN_STYLE = Automatic;
				DEVELOPMENT_TEAM = DLL23T4GCG;
				INFOPLIST_FILE = TableViewPractice/Info.plist;
				IPHONEOS_DEPLOYMENT_TARGET = 12.0;
				LD_RUNPATH_SEARCH_PATHS = (
					"$(inherited)",
					"@executable_path/Frameworks",
				);
				PRODUCT_BUNDLE_IDENTIFIER = com.canerucar.TableViewPractice;
				PRODUCT_NAME = "$(TARGET_NAME)";
				SWIFT_VERSION = 5.0;
				TARGETED_DEVICE_FAMILY = 1;
			};
			name = Debug;
		};
		9CC7A92623858F93008D4BEA /* Release */ = {
			isa = XCBuildConfiguration;
			buildSettings = {
				ASSETCATALOG_COMPILER_APPICON_NAME = AppIcon;
				CODE_SIGN_STYLE = Automatic;
				DEVELOPMENT_TEAM = DLL23T4GCG;
				INFOPLIST_FILE = TableViewPractice/Info.plist;
				IPHONEOS_DEPLOYMENT_TARGET = 12.0;
				LD_RUNPATH_SEARCH_PATHS = (
					"$(inherited)",
					"@executable_path/Frameworks",
				);
				PRODUCT_BUNDLE_IDENTIFIER = com.canerucar.TableViewPractice;
				PRODUCT_NAME = "$(TARGET_NAME)";
				SWIFT_VERSION = 5.0;
				TARGETED_DEVICE_FAMILY = 1;
			};
			name = Release;
		};
/* End XCBuildConfiguration section */

/* Begin XCConfigurationList section */
		9CC7A90B23858F92008D4BEA /* Build configuration list for PBXProject "TableViewPractice" */ = {
			isa = XCConfigurationList;
			buildConfigurations = (
				9CC7A92223858F93008D4BEA /* Debug */,
				9CC7A92323858F93008D4BEA /* Release */,
			);
			defaultConfigurationIsVisible = 0;
			defaultConfigurationName = Release;
		};
		9CC7A92423858F93008D4BEA /* Build configuration list for PBXNativeTarget "TableViewPractice" */ = {
			isa = XCConfigurationList;
			buildConfigurations = (
				9CC7A92523858F93008D4BEA /* Debug */,
				9CC7A92623858F93008D4BEA /* Release */,
			);
			defaultConfigurationIsVisible = 0;
			defaultConfigurationName = Release;
		};
/* End XCConfigurationList section */
	};
	rootObject = 9CC7A90823858F92008D4BEA /* Project object */;
}
